// !$*UTF8*$!
{
	archiveVersion = 1;
	classes = {
	};
	objectVersion = 46;
	objects = {

/* Begin PBXBuildFile section */
		B531F2B22035B7BE005A41FD /* State__WinLose.cpp in Sources */ = {isa = PBXBuildFile; fileRef = B531F2B12035B7BE005A41FD /* State__WinLose.cpp */; };
		B531F2B52039DC6C005A41FD /* View__TopMenuBG.cpp in Sources */ = {isa = PBXBuildFile; fileRef = B531F2B42039DC6C005A41FD /* View__TopMenuBG.cpp */; };
		B588274A1F40E44100C07AEB /* AppDelegate.m in Sources */ = {isa = PBXBuildFile; fileRef = B58827491F40E44100C07AEB /* AppDelegate.m */; };
		B588274D1F40E44100C07AEB /* main.m in Sources */ = {isa = PBXBuildFile; fileRef = B588274C1F40E44100C07AEB /* main.m */; };
		B588274F1F40E44100C07AEB /* Assets.xcassets in Resources */ = {isa = PBXBuildFile; fileRef = B588274E1F40E44100C07AEB /* Assets.xcassets */; };
		B58827521F40E44100C07AEB /* MainMenu.xib in Resources */ = {isa = PBXBuildFile; fileRef = B58827501F40E44100C07AEB /* MainMenu.xib */; };
		B5C6AC872022404A00E750AE /* Data in Resources */ = {isa = PBXBuildFile; fileRef = B5C6AC862022404A00E750AE /* Data */; };
		B5C6ACAB2022405E00E750AE /* State__TopMenu.cpp in Sources */ = {isa = PBXBuildFile; fileRef = B5C6AC892022405E00E750AE /* State__TopMenu.cpp */; };
		B5C6ACAC2022405E00E750AE /* types.cpp in Sources */ = {isa = PBXBuildFile; fileRef = B5C6AC8C2022405E00E750AE /* types.cpp */; };
		B5C6ACAD2022405E00E750AE /* MrKlangy.cpp in Sources */ = {isa = PBXBuildFile; fileRef = B5C6AC8F2022405E00E750AE /* MrKlangy.cpp */; };
		B5C6ACAE2022405E00E750AE /* View__Game.cpp in Sources */ = {isa = PBXBuildFile; fileRef = B5C6AC902022405E00E750AE /* View__Game.cpp */; };
		B5C6ACAF2022405E00E750AE /* Building.cpp in Sources */ = {isa = PBXBuildFile; fileRef = B5C6AC912022405E00E750AE /* Building.cpp */; };
		B5C6ACB02022405E00E750AE /* Furnishing.cpp in Sources */ = {isa = PBXBuildFile; fileRef = B5C6AC922022405E00E750AE /* Furnishing.cpp */; };
		B5C6ACB12022405E00E750AE /* State__Game.cpp in Sources */ = {isa = PBXBuildFile; fileRef = B5C6AC932022405E00E750AE /* State__Game.cpp */; };
		B5C6ACB22022405E00E750AE /* PlaceableManager.cpp in Sources */ = {isa = PBXBuildFile; fileRef = B5C6AC962022405E00E750AE /* PlaceableManager.cpp */; };
		B5C6ACB32022405E00E750AE /* TLO.cpp in Sources */ = {isa = PBXBuildFile; fileRef = B5C6AC982022405E00E750AE /* TLO.cpp */; };
		B5C6ACB42022405E00E750AE /* UIDManager.cpp in Sources */ = {isa = PBXBuildFile; fileRef = B5C6AC992022405E00E750AE /* UIDManager.cpp */; };
		B5C6ACB52022405E00E750AE /* Serializable.cpp in Sources */ = {isa = PBXBuildFile; fileRef = B5C6AC9E2022405E00E750AE /* Serializable.cpp */; };
		B5C6ACB62022405E00E750AE /* MrPaths.cpp in Sources */ = {isa = PBXBuildFile; fileRef = B5C6AC9F2022405E00E750AE /* MrPaths.cpp */; };
		B5C6ACB72022405E00E750AE /* Unit.cpp in Sources */ = {isa = PBXBuildFile; fileRef = B5C6ACA22022405E00E750AE /* Unit.cpp */; };
		B5C6ACB82022405E00E750AE /* Controller.cpp in Sources */ = {isa = PBXBuildFile; fileRef = B5C6ACA52022405E00E750AE /* Controller.cpp */; };
		B5C6ACB92022405E00E750AE /* LevelMap.cpp in Sources */ = {isa = PBXBuildFile; fileRef = B5C6ACA62022405E00E750AE /* LevelMap.cpp */; };
		B5C6ACBA2022405E00E750AE /* Serializer.cpp in Sources */ = {isa = PBXBuildFile; fileRef = B5C6ACA82022405E00E750AE /* Serializer.cpp */; };
		B5C6ACBB2022405E00E750AE /* Placeable.cpp in Sources */ = {isa = PBXBuildFile; fileRef = B5C6ACAA2022405E00E750AE /* Placeable.cpp */; };
		B5C6AD122022409E00E750AE /* lauxlib.c in Sources */ = {isa = PBXBuildFile; fileRef = B5C6ACD72022409E00E750AE /* lauxlib.c */; };
		B5C6AD132022409E00E750AE /* liolib.c in Sources */ = {isa = PBXBuildFile; fileRef = B5C6ACDD2022409E00E750AE /* liolib.c */; };
		B5C6AD142022409E00E750AE /* lopcodes.c in Sources */ = {isa = PBXBuildFile; fileRef = B5C6ACDE2022409E00E750AE /* lopcodes.c */; };
		B5C6AD152022409E00E750AE /* lstate.c in Sources */ = {isa = PBXBuildFile; fileRef = B5C6ACDF2022409E00E750AE /* lstate.c */; };
		B5C6AD162022409E00E750AE /* lobject.c in Sources */ = {isa = PBXBuildFile; fileRef = B5C6ACE12022409E00E750AE /* lobject.c */; };
		B5C6AD172022409E00E750AE /* lmathlib.c in Sources */ = {isa = PBXBuildFile; fileRef = B5C6ACE32022409E00E750AE /* lmathlib.c */; };
		B5C6AD182022409E00E750AE /* loadlib.c in Sources */ = {isa = PBXBuildFile; fileRef = B5C6ACE42022409E00E750AE /* loadlib.c */; };
		B5C6AD192022409E00E750AE /* lvm.c in Sources */ = {isa = PBXBuildFile; fileRef = B5C6ACE52022409E00E750AE /* lvm.c */; };
		B5C6AD1A2022409E00E750AE /* lfunc.c in Sources */ = {isa = PBXBuildFile; fileRef = B5C6ACE62022409E00E750AE /* lfunc.c */; };
		B5C6AD1B2022409E00E750AE /* lstrlib.c in Sources */ = {isa = PBXBuildFile; fileRef = B5C6ACE72022409E00E750AE /* lstrlib.c */; };
		B5C6AD1D2022409E00E750AE /* linit.c in Sources */ = {isa = PBXBuildFile; fileRef = B5C6ACEA2022409E00E750AE /* linit.c */; };
		B5C6AD1E2022409E00E750AE /* lstring.c in Sources */ = {isa = PBXBuildFile; fileRef = B5C6ACED2022409E00E750AE /* lstring.c */; };
		B5C6AD1F2022409E00E750AE /* lundump.c in Sources */ = {isa = PBXBuildFile; fileRef = B5C6ACEF2022409E00E750AE /* lundump.c */; };
		B5C6AD202022409E00E750AE /* lctype.c in Sources */ = {isa = PBXBuildFile; fileRef = B5C6ACF02022409E00E750AE /* lctype.c */; };
		B5C6AD222022409E00E750AE /* ltable.c in Sources */ = {isa = PBXBuildFile; fileRef = B5C6ACF42022409E00E750AE /* ltable.c */; };
		B5C6AD232022409E00E750AE /* ldump.c in Sources */ = {isa = PBXBuildFile; fileRef = B5C6ACF62022409E00E750AE /* ldump.c */; };
		B5C6AD242022409E00E750AE /* loslib.c in Sources */ = {isa = PBXBuildFile; fileRef = B5C6ACFA2022409E00E750AE /* loslib.c */; };
		B5C6AD252022409E00E750AE /* lgc.c in Sources */ = {isa = PBXBuildFile; fileRef = B5C6ACFB2022409E00E750AE /* lgc.c */; };
		B5C6AD262022409E00E750AE /* lzio.c in Sources */ = {isa = PBXBuildFile; fileRef = B5C6ACFC2022409E00E750AE /* lzio.c */; };
		B5C6AD272022409E00E750AE /* ldblib.c in Sources */ = {isa = PBXBuildFile; fileRef = B5C6ACFD2022409E00E750AE /* ldblib.c */; };
		B5C6AD282022409E00E750AE /* lmem.c in Sources */ = {isa = PBXBuildFile; fileRef = B5C6ACFE2022409E00E750AE /* lmem.c */; };
		B5C6AD292022409E00E750AE /* lcorolib.c in Sources */ = {isa = PBXBuildFile; fileRef = B5C6AD012022409E00E750AE /* lcorolib.c */; };
		B5C6AD2A2022409E00E750AE /* lcode.c in Sources */ = {isa = PBXBuildFile; fileRef = B5C6AD032022409E00E750AE /* lcode.c */; };
		B5C6AD2B2022409E00E750AE /* ltablib.c in Sources */ = {isa = PBXBuildFile; fileRef = B5C6AD042022409E00E750AE /* ltablib.c */; };
		B5C6AD2C2022409E00E750AE /* lbitlib.c in Sources */ = {isa = PBXBuildFile; fileRef = B5C6AD052022409E00E750AE /* lbitlib.c */; };
		B5C6AD2D2022409E00E750AE /* lapi.c in Sources */ = {isa = PBXBuildFile; fileRef = B5C6AD062022409E00E750AE /* lapi.c */; };
		B5C6AD2E2022409E00E750AE /* lbaselib.c in Sources */ = {isa = PBXBuildFile; fileRef = B5C6AD072022409E00E750AE /* lbaselib.c */; };
		B5C6AD2F2022409E00E750AE /* ldebug.c in Sources */ = {isa = PBXBuildFile; fileRef = B5C6AD092022409E00E750AE /* ldebug.c */; };
		B5C6AD302022409E00E750AE /* lparser.c in Sources */ = {isa = PBXBuildFile; fileRef = B5C6AD0B2022409E00E750AE /* lparser.c */; };
		B5C6AD312022409E00E750AE /* llex.c in Sources */ = {isa = PBXBuildFile; fileRef = B5C6AD0C2022409E00E750AE /* llex.c */; };
		B5C6AD322022409E00E750AE /* ltm.c in Sources */ = {isa = PBXBuildFile; fileRef = B5C6AD0E2022409E00E750AE /* ltm.c */; };
		B5C6AD332022409E00E750AE /* ldo.c in Sources */ = {isa = PBXBuildFile; fileRef = B5C6AD102022409E00E750AE /* ldo.c */; };
		B5C6AD38202240B500E750AE /* LuaObj.cpp in Sources */ = {isa = PBXBuildFile; fileRef = B5C6AD35202240B500E750AE /* LuaObj.cpp */; };
		B5C6AD6F202240C500E750AE /* Mutex.cpp in Sources */ = {isa = PBXBuildFile; fileRef = B5C6AD3D202240C500E750AE /* Mutex.cpp */; };
		B5C6AD70202240C500E750AE /* UIView.cpp in Sources */ = {isa = PBXBuildFile; fileRef = B5C6AD3E202240C500E750AE /* UIView.cpp */; };
		B5C6AD71202240C500E750AE /* Log.cpp in Sources */ = {isa = PBXBuildFile; fileRef = B5C6AD3F202240C500E750AE /* Log.cpp */; };
		B5C6AD72202240C500E750AE /* types.cpp in Sources */ = {isa = PBXBuildFile; fileRef = B5C6AD40202240C500E750AE /* types.cpp */; };
		B5C6AD73202240C500E750AE /* UIElement.cpp in Sources */ = {isa = PBXBuildFile; fileRef = B5C6AD41202240C500E750AE /* UIElement.cpp */; };
		B5C6AD74202240C500E750AE /* UpdateTimer.cpp in Sources */ = {isa = PBXBuildFile; fileRef = B5C6AD42202240C500E750AE /* UpdateTimer.cpp */; };
		B5C6AD75202240C500E750AE /* GenericRetro.cpp in Sources */ = {isa = PBXBuildFile; fileRef = B5C6AD48202240C500E750AE /* GenericRetro.cpp */; };
		B5C6AD76202240C500E750AE /* Messenger.cpp in Sources */ = {isa = PBXBuildFile; fileRef = B5C6AD4B202240C500E750AE /* Messenger.cpp */; };
		B5C6AD77202240C500E750AE /* Window.cpp in Sources */ = {isa = PBXBuildFile; fileRef = B5C6AD4C202240C500E750AE /* Window.cpp */; };
		B5C6AD78202240C500E750AE /* NavMap.cpp in Sources */ = {isa = PBXBuildFile; fileRef = B5C6AD4E202240C500E750AE /* NavMap.cpp */; };
		B5C6AD79202240C500E750AE /* Timer.cpp in Sources */ = {isa = PBXBuildFile; fileRef = B5C6AD4F202240C500E750AE /* Timer.cpp */; };
		B5C6AD7A202240C500E750AE /* Texture.cpp in Sources */ = {isa = PBXBuildFile; fileRef = B5C6AD52202240C500E750AE /* Texture.cpp */; };
		B5C6AD7C202240C500E750AE /* View.cpp in Sources */ = {isa = PBXBuildFile; fileRef = B5C6AD56202240C500E750AE /* View.cpp */; };
		B5C6AD7D202240C500E750AE /* mtrand.cpp in Sources */ = {isa = PBXBuildFile; fileRef = B5C6AD58202240C500E750AE /* mtrand.cpp */; };
		B5C6AD7E202240C500E750AE /* Rand.cpp in Sources */ = {isa = PBXBuildFile; fileRef = B5C6AD5A202240C500E750AE /* Rand.cpp */; };
		B5C6AD7F202240C500E750AE /* Colour.cpp in Sources */ = {isa = PBXBuildFile; fileRef = B5C6AD5D202240C500E750AE /* Colour.cpp */; };
		B5C6AD80202240C500E750AE /* MacOSXClasses.m in Sources */ = {isa = PBXBuildFile; fileRef = B5C6AD5E202240C500E750AE /* MacOSXClasses.m */; };
		B5C6AD81202240C500E750AE /* DObj.cpp in Sources */ = {isa = PBXBuildFile; fileRef = B5C6AD60202240C500E750AE /* DObj.cpp */; };
		B5C6AD82202240C500E750AE /* Controller.cpp in Sources */ = {isa = PBXBuildFile; fileRef = B5C6AD62202240C500E750AE /* Controller.cpp */; };
		B5C6AD83202240C500E750AE /* GameState.cpp in Sources */ = {isa = PBXBuildFile; fileRef = B5C6AD63202240C500E750AE /* GameState.cpp */; };
		B5C6AD84202240C500E750AE /* Event.cpp in Sources */ = {isa = PBXBuildFile; fileRef = B5C6AD66202240C500E750AE /* Event.cpp */; };
		B5C6AD85202240C500E750AE /* Positioner.cpp in Sources */ = {isa = PBXBuildFile; fileRef = B5C6AD68202240C500E750AE /* Positioner.cpp */; };
		B5C6AD86202240C500E750AE /* MegaTexture.cpp in Sources */ = {isa = PBXBuildFile; fileRef = B5C6AD6E202240C500E750AE /* MegaTexture.cpp */; };
		B5C6AD96202240DC00E750AE /* image_helper.c in Sources */ = {isa = PBXBuildFile; fileRef = B5C6AD88202240DB00E750AE /* image_helper.c */; };
		B5C6AD97202240DC00E750AE /* image_DXT.c in Sources */ = {isa = PBXBuildFile; fileRef = B5C6AD8C202240DB00E750AE /* image_DXT.c */; };
		B5C6AD9A202240DC00E750AE /* SOIL.c in Sources */ = {isa = PBXBuildFile; fileRef = B5C6AD91202240DB00E750AE /* SOIL.c */; };
		B5C6AD9B202240DC00E750AE /* stb_image_aug.c in Sources */ = {isa = PBXBuildFile; fileRef = B5C6AD92202240DB00E750AE /* stb_image_aug.c */; };
		B5C6ADA3202241ED00E750AE /* libirrklang.dylib in Frameworks */ = {isa = PBXBuildFile; fileRef = B5C6ADA2202241ED00E750AE /* libirrklang.dylib */; };
		B5C6ADA42022423000E750AE /* libirrklang.dylib in CopyFiles */ = {isa = PBXBuildFile; fileRef = B5C6ADA2202241ED00E750AE /* libirrklang.dylib */; settings = {ATTRIBUTES = (CodeSignOnCopy, ); }; };
/* End PBXBuildFile section */

/* Begin PBXCopyFilesBuildPhase section */
		B5882A471F40F13800C07AEB /* CopyFiles */ = {
			isa = PBXCopyFilesBuildPhase;
			buildActionMask = 2147483647;
			dstPath = "";
			dstSubfolderSpec = 10;
			files = (
				B5C6ADA42022423000E750AE /* libirrklang.dylib in CopyFiles */,
			);
			runOnlyForDeploymentPostprocessing = 0;
		};
/* End PBXCopyFilesBuildPhase section */

/* Begin PBXFileReference section */
		B531F2B02035B7BE005A41FD /* State__WinLose.hpp */ = {isa = PBXFileReference; fileEncoding = 4; lastKnownFileType = sourcecode.cpp.h; path = State__WinLose.hpp; sourceTree = "<group>"; };
		B531F2B12035B7BE005A41FD /* State__WinLose.cpp */ = {isa = PBXFileReference; fileEncoding = 4; lastKnownFileType = sourcecode.cpp.cpp; path = State__WinLose.cpp; sourceTree = "<group>"; };
		B531F2B32039DC5D005A41FD /* View__TopMenuBG.hpp */ = {isa = PBXFileReference; fileEncoding = 4; lastKnownFileType = sourcecode.cpp.h; path = View__TopMenuBG.hpp; sourceTree = "<group>"; };
		B531F2B42039DC6C005A41FD /* View__TopMenuBG.cpp */ = {isa = PBXFileReference; fileEncoding = 4; lastKnownFileType = sourcecode.cpp.cpp; path = View__TopMenuBG.cpp; sourceTree = "<group>"; };
		B531F2B62039FEA1005A41FD /* View__TwoBtns.hpp */ = {isa = PBXFileReference; fileEncoding = 4; lastKnownFileType = sourcecode.cpp.h; path = View__TwoBtns.hpp; sourceTree = "<group>"; };
		B53CD0492029C5DC00B76231 /* Views__UI.hpp */ = {isa = PBXFileReference; lastKnownFileType = sourcecode.cpp.h; path = Views__UI.hpp; sourceTree = "<group>"; };
		B53CD04B2029C66100B76231 /* View__Help.hpp */ = {isa = PBXFileReference; lastKnownFileType = sourcecode.cpp.h; path = View__Help.hpp; sourceTree = "<group>"; };
		B58827451F40E44100C07AEB /* Generic Tycoon Thingy.app */ = {isa = PBXFileReference; explicitFileType = wrapper.application; includeInIndex = 0; path = "Generic Tycoon Thingy.app"; sourceTree = BUILT_PRODUCTS_DIR; };
		B58827481F40E44100C07AEB /* AppDelegate.h */ = {isa = PBXFileReference; lastKnownFileType = sourcecode.c.h; path = AppDelegate.h; sourceTree = "<group>"; };
		B58827491F40E44100C07AEB /* AppDelegate.m */ = {isa = PBXFileReference; explicitFileType = sourcecode.cpp.objcpp; path = AppDelegate.m; sourceTree = "<group>"; };
		B588274C1F40E44100C07AEB /* main.m */ = {isa = PBXFileReference; lastKnownFileType = sourcecode.c.objc; path = main.m; sourceTree = "<group>"; };
		B588274E1F40E44100C07AEB /* Assets.xcassets */ = {isa = PBXFileReference; lastKnownFileType = folder.assetcatalog; path = Assets.xcassets; sourceTree = "<group>"; };
		B58827511F40E44100C07AEB /* Base */ = {isa = PBXFileReference; lastKnownFileType = file.xib; name = Base; path = Base.lproj/MainMenu.xib; sourceTree = "<group>"; };
		B58827531F40E44100C07AEB /* Info.plist */ = {isa = PBXFileReference; lastKnownFileType = text.plist.xml; path = Info.plist; sourceTree = "<group>"; };
		B5C6AC862022404A00E750AE /* Data */ = {isa = PBXFileReference; lastKnownFileType = folder; name = Data; path = ../Data; sourceTree = "<group>"; };
		B5C6AC892022405E00E750AE /* State__TopMenu.cpp */ = {isa = PBXFileReference; fileEncoding = 4; lastKnownFileType = sourcecode.cpp.cpp; path = State__TopMenu.cpp; sourceTree = "<group>"; };
		B5C6AC8A2022405E00E750AE /* Controller.hpp */ = {isa = PBXFileReference; fileEncoding = 4; lastKnownFileType = sourcecode.cpp.h; path = Controller.hpp; sourceTree = "<group>"; };
		B5C6AC8B2022405E00E750AE /* LevelMap.hpp */ = {isa = PBXFileReference; fileEncoding = 4; lastKnownFileType = sourcecode.cpp.h; path = LevelMap.hpp; sourceTree = "<group>"; };
		B5C6AC8C2022405E00E750AE /* types.cpp */ = {isa = PBXFileReference; fileEncoding = 4; lastKnownFileType = sourcecode.cpp.cpp; path = types.cpp; sourceTree = "<group>"; };
		B5C6AC8D2022405E00E750AE /* Serializer.hpp */ = {isa = PBXFileReference; fileEncoding = 4; lastKnownFileType = sourcecode.cpp.h; path = Serializer.hpp; sourceTree = "<group>"; };
		B5C6AC8E2022405E00E750AE /* Placeable.hpp */ = {isa = PBXFileReference; fileEncoding = 4; lastKnownFileType = sourcecode.cpp.h; path = Placeable.hpp; sourceTree = "<group>"; };
		B5C6AC8F2022405E00E750AE /* MrKlangy.cpp */ = {isa = PBXFileReference; fileEncoding = 4; lastKnownFileType = sourcecode.cpp.cpp; path = MrKlangy.cpp; sourceTree = "<group>"; };
		B5C6AC902022405E00E750AE /* View__Game.cpp */ = {isa = PBXFileReference; fileEncoding = 4; lastKnownFileType = sourcecode.cpp.cpp; path = View__Game.cpp; sourceTree = "<group>"; };
		B5C6AC912022405E00E750AE /* Building.cpp */ = {isa = PBXFileReference; fileEncoding = 4; lastKnownFileType = sourcecode.cpp.cpp; path = Building.cpp; sourceTree = "<group>"; };
		B5C6AC922022405E00E750AE /* Furnishing.cpp */ = {isa = PBXFileReference; fileEncoding = 4; lastKnownFileType = sourcecode.cpp.cpp; path = Furnishing.cpp; sourceTree = "<group>"; };
		B5C6AC932022405E00E750AE /* State__Game.cpp */ = {isa = PBXFileReference; fileEncoding = 4; lastKnownFileType = sourcecode.cpp.cpp; path = State__Game.cpp; sourceTree = "<group>"; };
		B5C6AC942022405E00E750AE /* Serializable.hpp */ = {isa = PBXFileReference; fileEncoding = 4; lastKnownFileType = sourcecode.cpp.h; path = Serializable.hpp; sourceTree = "<group>"; };
		B5C6AC952022405E00E750AE /* MrPaths.hpp */ = {isa = PBXFileReference; fileEncoding = 4; lastKnownFileType = sourcecode.cpp.h; path = MrPaths.hpp; sourceTree = "<group>"; };
		B5C6AC962022405E00E750AE /* PlaceableManager.cpp */ = {isa = PBXFileReference; fileEncoding = 4; lastKnownFileType = sourcecode.cpp.cpp; path = PlaceableManager.cpp; sourceTree = "<group>"; };
		B5C6AC972022405E00E750AE /* Unit.hpp */ = {isa = PBXFileReference; fileEncoding = 4; lastKnownFileType = sourcecode.cpp.h; path = Unit.hpp; sourceTree = "<group>"; };
		B5C6AC982022405E00E750AE /* TLO.cpp */ = {isa = PBXFileReference; fileEncoding = 4; lastKnownFileType = sourcecode.cpp.cpp; path = TLO.cpp; sourceTree = "<group>"; };
		B5C6AC992022405E00E750AE /* UIDManager.cpp */ = {isa = PBXFileReference; fileEncoding = 4; lastKnownFileType = sourcecode.cpp.cpp; path = UIDManager.cpp; sourceTree = "<group>"; };
		B5C6AC9A2022405E00E750AE /* View__Game.hpp */ = {isa = PBXFileReference; fileEncoding = 4; lastKnownFileType = sourcecode.cpp.h; path = View__Game.hpp; sourceTree = "<group>"; };
		B5C6AC9B2022405E00E750AE /* Furnishing.hpp */ = {isa = PBXFileReference; fileEncoding = 4; lastKnownFileType = sourcecode.cpp.h; path = Furnishing.hpp; sourceTree = "<group>"; };
		B5C6AC9C2022405E00E750AE /* Building.hpp */ = {isa = PBXFileReference; fileEncoding = 4; lastKnownFileType = sourcecode.cpp.h; path = Building.hpp; sourceTree = "<group>"; };
		B5C6AC9D2022405E00E750AE /* State__Game.hpp */ = {isa = PBXFileReference; fileEncoding = 4; lastKnownFileType = sourcecode.cpp.h; path = State__Game.hpp; sourceTree = "<group>"; };
		B5C6AC9E2022405E00E750AE /* Serializable.cpp */ = {isa = PBXFileReference; fileEncoding = 4; lastKnownFileType = sourcecode.cpp.cpp; path = Serializable.cpp; sourceTree = "<group>"; };
		B5C6AC9F2022405E00E750AE /* MrPaths.cpp */ = {isa = PBXFileReference; explicitFileType = sourcecode.cpp.objcpp; fileEncoding = 4; path = MrPaths.cpp; sourceTree = "<group>"; };
		B5C6ACA02022405E00E750AE /* PlaceableManager.hpp */ = {isa = PBXFileReference; fileEncoding = 4; lastKnownFileType = sourcecode.cpp.h; path = PlaceableManager.hpp; sourceTree = "<group>"; };
		B5C6ACA12022405E00E750AE /* TLO.hpp */ = {isa = PBXFileReference; fileEncoding = 4; lastKnownFileType = sourcecode.cpp.h; path = TLO.hpp; sourceTree = "<group>"; };
		B5C6ACA22022405E00E750AE /* Unit.cpp */ = {isa = PBXFileReference; fileEncoding = 4; lastKnownFileType = sourcecode.cpp.cpp; path = Unit.cpp; sourceTree = "<group>"; };
		B5C6ACA32022405E00E750AE /* UIDManager.hpp */ = {isa = PBXFileReference; fileEncoding = 4; lastKnownFileType = sourcecode.cpp.h; path = UIDManager.hpp; sourceTree = "<group>"; };
		B5C6ACA42022405E00E750AE /* State__TopMenu.hpp */ = {isa = PBXFileReference; fileEncoding = 4; lastKnownFileType = sourcecode.cpp.h; path = State__TopMenu.hpp; sourceTree = "<group>"; };
		B5C6ACA52022405E00E750AE /* Controller.cpp */ = {isa = PBXFileReference; fileEncoding = 4; lastKnownFileType = sourcecode.cpp.cpp; path = Controller.cpp; sourceTree = "<group>"; };
		B5C6ACA62022405E00E750AE /* LevelMap.cpp */ = {isa = PBXFileReference; fileEncoding = 4; lastKnownFileType = sourcecode.cpp.cpp; path = LevelMap.cpp; sourceTree = "<group>"; };
		B5C6ACA72022405E00E750AE /* types.hpp */ = {isa = PBXFileReference; fileEncoding = 4; lastKnownFileType = sourcecode.cpp.h; path = types.hpp; sourceTree = "<group>"; };
		B5C6ACA82022405E00E750AE /* Serializer.cpp */ = {isa = PBXFileReference; fileEncoding = 4; lastKnownFileType = sourcecode.cpp.cpp; path = Serializer.cpp; sourceTree = "<group>"; };
		B5C6ACA92022405E00E750AE /* MrKlangy.hpp */ = {isa = PBXFileReference; fileEncoding = 4; lastKnownFileType = sourcecode.cpp.h; path = MrKlangy.hpp; sourceTree = "<group>"; };
		B5C6ACAA2022405E00E750AE /* Placeable.cpp */ = {isa = PBXFileReference; fileEncoding = 4; lastKnownFileType = sourcecode.cpp.cpp; path = Placeable.cpp; sourceTree = "<group>"; };
		B5C6ACBD2022408900E750AE /* ik_EStreamModes.h */ = {isa = PBXFileReference; fileEncoding = 4; lastKnownFileType = sourcecode.c.h; path = ik_EStreamModes.h; sourceTree = "<group>"; };
		B5C6ACBE2022408900E750AE /* ik_vec3d.h */ = {isa = PBXFileReference; fileEncoding = 4; lastKnownFileType = sourcecode.c.h; path = ik_vec3d.h; sourceTree = "<group>"; };
		B5C6ACBF2022408900E750AE /* ik_IVirtualRefCounted.h */ = {isa = PBXFileReference; fileEncoding = 4; lastKnownFileType = sourcecode.c.h; path = ik_IVirtualRefCounted.h; sourceTree = "<group>"; };
		B5C6ACC02022408900E750AE /* ik_ISoundMixedOutputReceiver.h */ = {isa = PBXFileReference; fileEncoding = 4; lastKnownFileType = sourcecode.c.h; path = ik_ISoundMixedOutputReceiver.h; sourceTree = "<group>"; };
		B5C6ACC22022408900E750AE /* ik_IFileReader.h */ = {isa = PBXFileReference; fileEncoding = 4; lastKnownFileType = sourcecode.c.h; path = ik_IFileReader.h; sourceTree = "<group>"; };
		B5C6ACC32022408900E750AE /* ik_IRefCounted.h */ = {isa = PBXFileReference; fileEncoding = 4; lastKnownFileType = sourcecode.c.h; path = ik_IRefCounted.h; sourceTree = "<group>"; };
		B5C6ACC42022408900E750AE /* ik_IAudioRecorder.h */ = {isa = PBXFileReference; fileEncoding = 4; lastKnownFileType = sourcecode.c.h; path = ik_IAudioRecorder.h; sourceTree = "<group>"; };
		B5C6ACC52022408900E750AE /* ik_IAudioStream.h */ = {isa = PBXFileReference; fileEncoding = 4; lastKnownFileType = sourcecode.c.h; path = ik_IAudioStream.h; sourceTree = "<group>"; };
		B5C6ACC62022408900E750AE /* ik_ISound.h */ = {isa = PBXFileReference; fileEncoding = 4; lastKnownFileType = sourcecode.c.h; path = ik_ISound.h; sourceTree = "<group>"; };
		B5C6ACC72022408900E750AE /* irrKlang.h */ = {isa = PBXFileReference; fileEncoding = 4; lastKnownFileType = sourcecode.c.h; path = irrKlang.h; sourceTree = "<group>"; };
		B5C6ACC82022408900E750AE /* ik_ISoundStopEventReceiver.h */ = {isa = PBXFileReference; fileEncoding = 4; lastKnownFileType = sourcecode.c.h; path = ik_ISoundStopEventReceiver.h; sourceTree = "<group>"; };
		B5C6ACC92022408900E750AE /* ik_ESoundOutputDrivers.h */ = {isa = PBXFileReference; fileEncoding = 4; lastKnownFileType = sourcecode.c.h; path = ik_ESoundOutputDrivers.h; sourceTree = "<group>"; };
		B5C6ACCA2022408900E750AE /* ik_ISoundSource.h */ = {isa = PBXFileReference; fileEncoding = 4; lastKnownFileType = sourcecode.c.h; path = ik_ISoundSource.h; sourceTree = "<group>"; };
		B5C6ACCB2022408900E750AE /* ik_IAudioStreamLoader.h */ = {isa = PBXFileReference; fileEncoding = 4; lastKnownFileType = sourcecode.c.h; path = ik_IAudioStreamLoader.h; sourceTree = "<group>"; };
		B5C6ACCC2022408900E750AE /* ik_ESoundEngineOptions.h */ = {isa = PBXFileReference; fileEncoding = 4; lastKnownFileType = sourcecode.c.h; path = ik_ESoundEngineOptions.h; sourceTree = "<group>"; };
		B5C6ACCD2022408900E750AE /* ik_irrKlangTypes.h */ = {isa = PBXFileReference; fileEncoding = 4; lastKnownFileType = sourcecode.c.h; path = ik_irrKlangTypes.h; sourceTree = "<group>"; };
		B5C6ACCE2022408900E750AE /* ik_ISoundEffectControl.h */ = {isa = PBXFileReference; fileEncoding = 4; lastKnownFileType = sourcecode.c.h; path = ik_ISoundEffectControl.h; sourceTree = "<group>"; };
		B5C6ACCF2022408900E750AE /* ik_ISoundDeviceList.h */ = {isa = PBXFileReference; fileEncoding = 4; lastKnownFileType = sourcecode.c.h; path = ik_ISoundDeviceList.h; sourceTree = "<group>"; };
		B5C6ACD02022408900E750AE /* ik_SAudioStreamFormat.h */ = {isa = PBXFileReference; fileEncoding = 4; lastKnownFileType = sourcecode.c.h; path = ik_SAudioStreamFormat.h; sourceTree = "<group>"; };
		B5C6ACD12022408900E750AE /* ik_IFileFactory.h */ = {isa = PBXFileReference; fileEncoding = 4; lastKnownFileType = sourcecode.c.h; path = ik_IFileFactory.h; sourceTree = "<group>"; };
		B5C6ACD22022408900E750AE /* ik_ISoundEngine.h */ = {isa = PBXFileReference; fileEncoding = 4; lastKnownFileType = sourcecode.c.h; path = ik_ISoundEngine.h; sourceTree = "<group>"; };
		B5C6ACD72022409E00E750AE /* lauxlib.c */ = {isa = PBXFileReference; fileEncoding = 4; lastKnownFileType = sourcecode.c.c; path = lauxlib.c; sourceTree = "<group>"; };
		B5C6ACD82022409E00E750AE /* lmem.h */ = {isa = PBXFileReference; fileEncoding = 4; lastKnownFileType = sourcecode.c.h; path = lmem.h; sourceTree = "<group>"; };
		B5C6ACD92022409E00E750AE /* llimits.h */ = {isa = PBXFileReference; fileEncoding = 4; lastKnownFileType = sourcecode.c.h; path = llimits.h; sourceTree = "<group>"; };
		B5C6ACDA2022409E00E750AE /* luaconf.h */ = {isa = PBXFileReference; fileEncoding = 4; lastKnownFileType = sourcecode.c.h; path = luaconf.h; sourceTree = "<group>"; };
		B5C6ACDB2022409E00E750AE /* lzio.h */ = {isa = PBXFileReference; fileEncoding = 4; lastKnownFileType = sourcecode.c.h; path = lzio.h; sourceTree = "<group>"; };
		B5C6ACDC2022409E00E750AE /* lgc.h */ = {isa = PBXFileReference; fileEncoding = 4; lastKnownFileType = sourcecode.c.h; path = lgc.h; sourceTree = "<group>"; };
		B5C6ACDD2022409E00E750AE /* liolib.c */ = {isa = PBXFileReference; fileEncoding = 4; lastKnownFileType = sourcecode.c.c; path = liolib.c; sourceTree = "<group>"; };
		B5C6ACDE2022409E00E750AE /* lopcodes.c */ = {isa = PBXFileReference; fileEncoding = 4; lastKnownFileType = sourcecode.c.c; path = lopcodes.c; sourceTree = "<group>"; };
		B5C6ACDF2022409E00E750AE /* lstate.c */ = {isa = PBXFileReference; fileEncoding = 4; lastKnownFileType = sourcecode.c.c; path = lstate.c; sourceTree = "<group>"; };
		B5C6ACE02022409E00E750AE /* lua.hpp */ = {isa = PBXFileReference; fileEncoding = 4; lastKnownFileType = sourcecode.cpp.h; path = lua.hpp; sourceTree = "<group>"; };
		B5C6ACE12022409E00E750AE /* lobject.c */ = {isa = PBXFileReference; fileEncoding = 4; lastKnownFileType = sourcecode.c.c; path = lobject.c; sourceTree = "<group>"; };
		B5C6ACE22022409E00E750AE /* lualib.h */ = {isa = PBXFileReference; fileEncoding = 4; lastKnownFileType = sourcecode.c.h; path = lualib.h; sourceTree = "<group>"; };
		B5C6ACE32022409E00E750AE /* lmathlib.c */ = {isa = PBXFileReference; fileEncoding = 4; lastKnownFileType = sourcecode.c.c; path = lmathlib.c; sourceTree = "<group>"; };
		B5C6ACE42022409E00E750AE /* loadlib.c */ = {isa = PBXFileReference; fileEncoding = 4; lastKnownFileType = sourcecode.c.c; path = loadlib.c; sourceTree = "<group>"; };
		B5C6ACE52022409E00E750AE /* lvm.c */ = {isa = PBXFileReference; fileEncoding = 4; lastKnownFileType = sourcecode.c.c; path = lvm.c; sourceTree = "<group>"; };
		B5C6ACE62022409E00E750AE /* lfunc.c */ = {isa = PBXFileReference; fileEncoding = 4; lastKnownFileType = sourcecode.c.c; path = lfunc.c; sourceTree = "<group>"; };
		B5C6ACE72022409E00E750AE /* lstrlib.c */ = {isa = PBXFileReference; fileEncoding = 4; lastKnownFileType = sourcecode.c.c; path = lstrlib.c; sourceTree = "<group>"; };
		B5C6ACE92022409E00E750AE /* ldebug.h */ = {isa = PBXFileReference; fileEncoding = 4; lastKnownFileType = sourcecode.c.h; path = ldebug.h; sourceTree = "<group>"; };
		B5C6ACEA2022409E00E750AE /* linit.c */ = {isa = PBXFileReference; fileEncoding = 4; lastKnownFileType = sourcecode.c.c; path = linit.c; sourceTree = "<group>"; };
		B5C6ACEB2022409E00E750AE /* lcode.h */ = {isa = PBXFileReference; fileEncoding = 4; lastKnownFileType = sourcecode.c.h; path = lcode.h; sourceTree = "<group>"; };
		B5C6ACEC2022409E00E750AE /* lapi.h */ = {isa = PBXFileReference; fileEncoding = 4; lastKnownFileType = sourcecode.c.h; path = lapi.h; sourceTree = "<group>"; };
		B5C6ACED2022409E00E750AE /* lstring.c */ = {isa = PBXFileReference; fileEncoding = 4; lastKnownFileType = sourcecode.c.c; path = lstring.c; sourceTree = "<group>"; };
		B5C6ACEE2022409E00E750AE /* ldo.h */ = {isa = PBXFileReference; fileEncoding = 4; lastKnownFileType = sourcecode.c.h; path = ldo.h; sourceTree = "<group>"; };
		B5C6ACEF2022409E00E750AE /* lundump.c */ = {isa = PBXFileReference; fileEncoding = 4; lastKnownFileType = sourcecode.c.c; path = lundump.c; sourceTree = "<group>"; };
		B5C6ACF02022409E00E750AE /* lctype.c */ = {isa = PBXFileReference; fileEncoding = 4; lastKnownFileType = sourcecode.c.c; path = lctype.c; sourceTree = "<group>"; };
		B5C6ACF12022409E00E750AE /* llex.h */ = {isa = PBXFileReference; fileEncoding = 4; lastKnownFileType = sourcecode.c.h; path = llex.h; sourceTree = "<group>"; };
		B5C6ACF32022409E00E750AE /* ltm.h */ = {isa = PBXFileReference; fileEncoding = 4; lastKnownFileType = sourcecode.c.h; path = ltm.h; sourceTree = "<group>"; };
		B5C6ACF42022409E00E750AE /* ltable.c */ = {isa = PBXFileReference; fileEncoding = 4; lastKnownFileType = sourcecode.c.c; path = ltable.c; sourceTree = "<group>"; };
		B5C6ACF52022409E00E750AE /* lparser.h */ = {isa = PBXFileReference; fileEncoding = 4; lastKnownFileType = sourcecode.c.h; path = lparser.h; sourceTree = "<group>"; };
		B5C6ACF62022409E00E750AE /* ldump.c */ = {isa = PBXFileReference; fileEncoding = 4; lastKnownFileType = sourcecode.c.c; path = ldump.c; sourceTree = "<group>"; };
		B5C6ACF72022409E00E750AE /* lobject.h */ = {isa = PBXFileReference; fileEncoding = 4; lastKnownFileType = sourcecode.c.h; path = lobject.h; sourceTree = "<group>"; };
		B5C6ACF82022409E00E750AE /* lstate.h */ = {isa = PBXFileReference; fileEncoding = 4; lastKnownFileType = sourcecode.c.h; path = lstate.h; sourceTree = "<group>"; };
		B5C6ACF92022409E00E750AE /* lopcodes.h */ = {isa = PBXFileReference; fileEncoding = 4; lastKnownFileType = sourcecode.c.h; path = lopcodes.h; sourceTree = "<group>"; };
		B5C6ACFA2022409E00E750AE /* loslib.c */ = {isa = PBXFileReference; fileEncoding = 4; lastKnownFileType = sourcecode.c.c; path = loslib.c; sourceTree = "<group>"; };
		B5C6ACFB2022409E00E750AE /* lgc.c */ = {isa = PBXFileReference; fileEncoding = 4; lastKnownFileType = sourcecode.c.c; path = lgc.c; sourceTree = "<group>"; };
		B5C6ACFC2022409E00E750AE /* lzio.c */ = {isa = PBXFileReference; fileEncoding = 4; lastKnownFileType = sourcecode.c.c; path = lzio.c; sourceTree = "<group>"; };
		B5C6ACFD2022409E00E750AE /* ldblib.c */ = {isa = PBXFileReference; fileEncoding = 4; lastKnownFileType = sourcecode.c.c; path = ldblib.c; sourceTree = "<group>"; };
		B5C6ACFE2022409E00E750AE /* lmem.c */ = {isa = PBXFileReference; fileEncoding = 4; lastKnownFileType = sourcecode.c.c; path = lmem.c; sourceTree = "<group>"; };
		B5C6ACFF2022409E00E750AE /* lauxlib.h */ = {isa = PBXFileReference; fileEncoding = 4; lastKnownFileType = sourcecode.c.h; path = lauxlib.h; sourceTree = "<group>"; };
		B5C6AD002022409E00E750AE /* lvm.h */ = {isa = PBXFileReference; fileEncoding = 4; lastKnownFileType = sourcecode.c.h; path = lvm.h; sourceTree = "<group>"; };
		B5C6AD012022409E00E750AE /* lcorolib.c */ = {isa = PBXFileReference; fileEncoding = 4; lastKnownFileType = sourcecode.c.c; path = lcorolib.c; sourceTree = "<group>"; };
		B5C6AD022022409E00E750AE /* lstring.h */ = {isa = PBXFileReference; fileEncoding = 4; lastKnownFileType = sourcecode.c.h; path = lstring.h; sourceTree = "<group>"; };
		B5C6AD032022409E00E750AE /* lcode.c */ = {isa = PBXFileReference; fileEncoding = 4; lastKnownFileType = sourcecode.c.c; path = lcode.c; sourceTree = "<group>"; };
		B5C6AD042022409E00E750AE /* ltablib.c */ = {isa = PBXFileReference; fileEncoding = 4; lastKnownFileType = sourcecode.c.c; path = ltablib.c; sourceTree = "<group>"; };
		B5C6AD052022409E00E750AE /* lbitlib.c */ = {isa = PBXFileReference; fileEncoding = 4; lastKnownFileType = sourcecode.c.c; path = lbitlib.c; sourceTree = "<group>"; };
		B5C6AD062022409E00E750AE /* lapi.c */ = {isa = PBXFileReference; fileEncoding = 4; lastKnownFileType = sourcecode.c.c; path = lapi.c; sourceTree = "<group>"; };
		B5C6AD072022409E00E750AE /* lbaselib.c */ = {isa = PBXFileReference; fileEncoding = 4; lastKnownFileType = sourcecode.c.c; path = lbaselib.c; sourceTree = "<group>"; };
		B5C6AD082022409E00E750AE /* lua.h */ = {isa = PBXFileReference; fileEncoding = 4; lastKnownFileType = sourcecode.c.h; path = lua.h; sourceTree = "<group>"; };
		B5C6AD092022409E00E750AE /* ldebug.c */ = {isa = PBXFileReference; fileEncoding = 4; lastKnownFileType = sourcecode.c.c; path = ldebug.c; sourceTree = "<group>"; };
		B5C6AD0A2022409E00E750AE /* lfunc.h */ = {isa = PBXFileReference; fileEncoding = 4; lastKnownFileType = sourcecode.c.h; path = lfunc.h; sourceTree = "<group>"; };
		B5C6AD0B2022409E00E750AE /* lparser.c */ = {isa = PBXFileReference; fileEncoding = 4; lastKnownFileType = sourcecode.c.c; path = lparser.c; sourceTree = "<group>"; };
		B5C6AD0C2022409E00E750AE /* llex.c */ = {isa = PBXFileReference; fileEncoding = 4; lastKnownFileType = sourcecode.c.c; path = llex.c; sourceTree = "<group>"; };
		B5C6AD0D2022409E00E750AE /* ltable.h */ = {isa = PBXFileReference; fileEncoding = 4; lastKnownFileType = sourcecode.c.h; path = ltable.h; sourceTree = "<group>"; };
		B5C6AD0E2022409E00E750AE /* ltm.c */ = {isa = PBXFileReference; fileEncoding = 4; lastKnownFileType = sourcecode.c.c; path = ltm.c; sourceTree = "<group>"; };
		B5C6AD0F2022409E00E750AE /* lctype.h */ = {isa = PBXFileReference; fileEncoding = 4; lastKnownFileType = sourcecode.c.h; path = lctype.h; sourceTree = "<group>"; };
		B5C6AD102022409E00E750AE /* ldo.c */ = {isa = PBXFileReference; fileEncoding = 4; lastKnownFileType = sourcecode.c.c; path = ldo.c; sourceTree = "<group>"; };
		B5C6AD112022409E00E750AE /* lundump.h */ = {isa = PBXFileReference; fileEncoding = 4; lastKnownFileType = sourcecode.c.h; path = lundump.h; sourceTree = "<group>"; };
		B5C6AD35202240B500E750AE /* LuaObj.cpp */ = {isa = PBXFileReference; fileEncoding = 4; lastKnownFileType = sourcecode.cpp.cpp; path = LuaObj.cpp; sourceTree = "<group>"; };
		B5C6AD37202240B500E750AE /* LuaObj.h */ = {isa = PBXFileReference; fileEncoding = 4; lastKnownFileType = sourcecode.c.h; path = LuaObj.h; sourceTree = "<group>"; };
		B5C6AD3B202240C500E750AE /* MegaTexture.h */ = {isa = PBXFileReference; fileEncoding = 4; lastKnownFileType = sourcecode.c.h; path = MegaTexture.h; sourceTree = "<group>"; };
		B5C6AD3C202240C500E750AE /* UIElement.h */ = {isa = PBXFileReference; fileEncoding = 4; lastKnownFileType = sourcecode.c.h; path = UIElement.h; sourceTree = "<group>"; };
		B5C6AD3D202240C500E750AE /* Mutex.cpp */ = {isa = PBXFileReference; fileEncoding = 4; lastKnownFileType = sourcecode.cpp.cpp; path = Mutex.cpp; sourceTree = "<group>"; };
		B5C6AD3E202240C500E750AE /* UIView.cpp */ = {isa = PBXFileReference; fileEncoding = 4; lastKnownFileType = sourcecode.cpp.cpp; path = UIView.cpp; sourceTree = "<group>"; };
		B5C6AD3F202240C500E750AE /* Log.cpp */ = {isa = PBXFileReference; fileEncoding = 4; lastKnownFileType = sourcecode.cpp.cpp; path = Log.cpp; sourceTree = "<group>"; };
		B5C6AD40202240C500E750AE /* types.cpp */ = {isa = PBXFileReference; explicitFileType = sourcecode.cpp.objcpp; fileEncoding = 4; path = types.cpp; sourceTree = "<group>"; };
		B5C6AD41202240C500E750AE /* UIElement.cpp */ = {isa = PBXFileReference; fileEncoding = 4; lastKnownFileType = sourcecode.cpp.cpp; path = UIElement.cpp; sourceTree = "<group>"; };
		B5C6AD42202240C500E750AE /* UpdateTimer.cpp */ = {isa = PBXFileReference; explicitFileType = sourcecode.cpp.objcpp; fileEncoding = 4; path = UpdateTimer.cpp; sourceTree = "<group>"; };
		B5C6AD43202240C500E750AE /* mtrand.h */ = {isa = PBXFileReference; fileEncoding = 4; lastKnownFileType = sourcecode.c.h; path = mtrand.h; sourceTree = "<group>"; };
		B5C6AD44202240C500E750AE /* GameState.h */ = {isa = PBXFileReference; fileEncoding = 4; lastKnownFileType = sourcecode.c.h; path = GameState.h; sourceTree = "<group>"; };
		B5C6AD45202240C500E750AE /* DObj.h */ = {isa = PBXFileReference; fileEncoding = 4; lastKnownFileType = sourcecode.c.h; path = DObj.h; sourceTree = "<group>"; };
		B5C6AD46202240C500E750AE /* MacOSXClasses.h */ = {isa = PBXFileReference; fileEncoding = 4; lastKnownFileType = sourcecode.c.h; path = MacOSXClasses.h; sourceTree = "<group>"; };
		B5C6AD47202240C500E750AE /* W.h */ = {isa = PBXFileReference; fileEncoding = 4; lastKnownFileType = sourcecode.c.h; path = W.h; sourceTree = "<group>"; };
		B5C6AD48202240C500E750AE /* GenericRetro.cpp */ = {isa = PBXFileReference; fileEncoding = 4; lastKnownFileType = sourcecode.cpp.cpp; path = GenericRetro.cpp; sourceTree = "<group>"; };
		B5C6AD49202240C500E750AE /* Event.h */ = {isa = PBXFileReference; fileEncoding = 4; lastKnownFileType = sourcecode.c.h; path = Event.h; sourceTree = "<group>"; };
		B5C6AD4A202240C500E750AE /* types.h */ = {isa = PBXFileReference; fileEncoding = 4; lastKnownFileType = sourcecode.c.h; path = types.h; sourceTree = "<group>"; };
		B5C6AD4B202240C500E750AE /* Messenger.cpp */ = {isa = PBXFileReference; fileEncoding = 4; lastKnownFileType = sourcecode.cpp.cpp; path = Messenger.cpp; sourceTree = "<group>"; };
		B5C6AD4C202240C500E750AE /* Window.cpp */ = {isa = PBXFileReference; explicitFileType = sourcecode.cpp.objcpp; fileEncoding = 4; path = Window.cpp; sourceTree = "<group>"; };
		B5C6AD4D202240C500E750AE /* GenericRetro.h */ = {isa = PBXFileReference; fileEncoding = 4; lastKnownFileType = sourcecode.c.h; path = GenericRetro.h; sourceTree = "<group>"; };
		B5C6AD4E202240C500E750AE /* NavMap.cpp */ = {isa = PBXFileReference; fileEncoding = 4; lastKnownFileType = sourcecode.cpp.cpp; path = NavMap.cpp; sourceTree = "<group>"; };
		B5C6AD4F202240C500E750AE /* Timer.cpp */ = {isa = PBXFileReference; fileEncoding = 4; lastKnownFileType = sourcecode.cpp.cpp; path = Timer.cpp; sourceTree = "<group>"; };
		B5C6AD50202240C500E750AE /* MisterHeapy.h */ = {isa = PBXFileReference; fileEncoding = 4; lastKnownFileType = sourcecode.c.h; path = MisterHeapy.h; sourceTree = "<group>"; };
		B5C6AD51202240C500E750AE /* Colour.h */ = {isa = PBXFileReference; fileEncoding = 4; lastKnownFileType = sourcecode.c.h; path = Colour.h; sourceTree = "<group>"; };
		B5C6AD52202240C500E750AE /* Texture.cpp */ = {isa = PBXFileReference; fileEncoding = 4; lastKnownFileType = sourcecode.cpp.cpp; path = Texture.cpp; sourceTree = "<group>"; };
		B5C6AD53202240C500E750AE /* Window.h */ = {isa = PBXFileReference; fileEncoding = 4; lastKnownFileType = sourcecode.c.h; path = Window.h; sourceTree = "<group>"; };
		B5C6AD55202240C500E750AE /* View.h */ = {isa = PBXFileReference; fileEncoding = 4; lastKnownFileType = sourcecode.c.h; path = View.h; sourceTree = "<group>"; };
		B5C6AD56202240C500E750AE /* View.cpp */ = {isa = PBXFileReference; fileEncoding = 4; lastKnownFileType = sourcecode.cpp.cpp; path = View.cpp; sourceTree = "<group>"; };
		B5C6AD57202240C500E750AE /* Controller.h */ = {isa = PBXFileReference; fileEncoding = 4; lastKnownFileType = sourcecode.c.h; path = Controller.h; sourceTree = "<group>"; };
		B5C6AD58202240C500E750AE /* mtrand.cpp */ = {isa = PBXFileReference; fileEncoding = 4; lastKnownFileType = sourcecode.cpp.cpp; path = mtrand.cpp; sourceTree = "<group>"; };
		B5C6AD59202240C500E750AE /* Timer.h */ = {isa = PBXFileReference; fileEncoding = 4; lastKnownFileType = sourcecode.c.h; path = Timer.h; sourceTree = "<group>"; };
		B5C6AD5A202240C500E750AE /* Rand.cpp */ = {isa = PBXFileReference; fileEncoding = 4; lastKnownFileType = sourcecode.cpp.cpp; path = Rand.cpp; sourceTree = "<group>"; };
		B5C6AD5B202240C500E750AE /* Log.h */ = {isa = PBXFileReference; fileEncoding = 4; lastKnownFileType = sourcecode.c.h; path = Log.h; sourceTree = "<group>"; };
		B5C6AD5C202240C500E750AE /* Positioner.h */ = {isa = PBXFileReference; fileEncoding = 4; lastKnownFileType = sourcecode.c.h; path = Positioner.h; sourceTree = "<group>"; };
		B5C6AD5D202240C500E750AE /* Colour.cpp */ = {isa = PBXFileReference; fileEncoding = 4; lastKnownFileType = sourcecode.cpp.cpp; path = Colour.cpp; sourceTree = "<group>"; };
		B5C6AD5E202240C500E750AE /* MacOSXClasses.m */ = {isa = PBXFileReference; explicitFileType = sourcecode.cpp.objcpp; fileEncoding = 4; path = MacOSXClasses.m; sourceTree = "<group>"; };
		B5C6AD5F202240C500E750AE /* Rand.h */ = {isa = PBXFileReference; fileEncoding = 4; lastKnownFileType = sourcecode.c.h; path = Rand.h; sourceTree = "<group>"; };
		B5C6AD60202240C500E750AE /* DObj.cpp */ = {isa = PBXFileReference; fileEncoding = 4; lastKnownFileType = sourcecode.cpp.cpp; path = DObj.cpp; sourceTree = "<group>"; };
		B5C6AD61202240C500E750AE /* Texture.h */ = {isa = PBXFileReference; fileEncoding = 4; lastKnownFileType = sourcecode.c.h; path = Texture.h; sourceTree = "<group>"; };
		B5C6AD62202240C500E750AE /* Controller.cpp */ = {isa = PBXFileReference; explicitFileType = sourcecode.cpp.objcpp; fileEncoding = 4; path = Controller.cpp; sourceTree = "<group>"; };
		B5C6AD63202240C500E750AE /* GameState.cpp */ = {isa = PBXFileReference; fileEncoding = 4; lastKnownFileType = sourcecode.cpp.cpp; path = GameState.cpp; sourceTree = "<group>"; };
		B5C6AD64202240C500E750AE /* UIView.h */ = {isa = PBXFileReference; fileEncoding = 4; lastKnownFileType = sourcecode.c.h; path = UIView.h; sourceTree = "<group>"; };
		B5C6AD65202240C500E750AE /* Mutex.h */ = {isa = PBXFileReference; fileEncoding = 4; lastKnownFileType = sourcecode.c.h; path = Mutex.h; sourceTree = "<group>"; };
		B5C6AD66202240C500E750AE /* Event.cpp */ = {isa = PBXFileReference; explicitFileType = sourcecode.cpp.objcpp; fileEncoding = 4; path = Event.cpp; sourceTree = "<group>"; };
		B5C6AD67202240C500E750AE /* NavMap.h */ = {isa = PBXFileReference; fileEncoding = 4; lastKnownFileType = sourcecode.c.h; path = NavMap.h; sourceTree = "<group>"; };
		B5C6AD68202240C500E750AE /* Positioner.cpp */ = {isa = PBXFileReference; fileEncoding = 4; lastKnownFileType = sourcecode.cpp.cpp; path = Positioner.cpp; sourceTree = "<group>"; };
		B5C6AD69202240C500E750AE /* Callback.h */ = {isa = PBXFileReference; fileEncoding = 4; lastKnownFileType = sourcecode.c.h; path = Callback.h; sourceTree = "<group>"; };
		B5C6AD6A202240C500E750AE /* oglInclude.h */ = {isa = PBXFileReference; fileEncoding = 4; lastKnownFileType = sourcecode.c.h; path = oglInclude.h; sourceTree = "<group>"; };
		B5C6AD6B202240C500E750AE /* UpdateTimer.h */ = {isa = PBXFileReference; fileEncoding = 4; lastKnownFileType = sourcecode.c.h; path = UpdateTimer.h; sourceTree = "<group>"; };
		B5C6AD6D202240C500E750AE /* Messenger.h */ = {isa = PBXFileReference; fileEncoding = 4; lastKnownFileType = sourcecode.c.h; path = Messenger.h; sourceTree = "<group>"; };
		B5C6AD6E202240C500E750AE /* MegaTexture.cpp */ = {isa = PBXFileReference; fileEncoding = 4; lastKnownFileType = sourcecode.cpp.cpp; path = MegaTexture.cpp; sourceTree = "<group>"; };
		B5C6AD88202240DB00E750AE /* image_helper.c */ = {isa = PBXFileReference; fileEncoding = 4; lastKnownFileType = sourcecode.c.c; path = image_helper.c; sourceTree = "<group>"; };
		B5C6AD89202240DB00E750AE /* stb_image_aug.h */ = {isa = PBXFileReference; fileEncoding = 4; lastKnownFileType = sourcecode.c.h; path = stb_image_aug.h; sourceTree = "<group>"; };
		B5C6AD8A202240DB00E750AE /* SOIL.h */ = {isa = PBXFileReference; fileEncoding = 4; lastKnownFileType = sourcecode.c.h; path = SOIL.h; sourceTree = "<group>"; };
		B5C6AD8B202240DB00E750AE /* stbi_DDS_aug.h */ = {isa = PBXFileReference; fileEncoding = 4; lastKnownFileType = sourcecode.c.h; path = stbi_DDS_aug.h; sourceTree = "<group>"; };
		B5C6AD8C202240DB00E750AE /* image_DXT.c */ = {isa = PBXFileReference; fileEncoding = 4; lastKnownFileType = sourcecode.c.c; path = image_DXT.c; sourceTree = "<group>"; };
		B5C6AD90202240DB00E750AE /* stbi_DDS_aug_c.h */ = {isa = PBXFileReference; fileEncoding = 4; lastKnownFileType = sourcecode.c.h; path = stbi_DDS_aug_c.h; sourceTree = "<group>"; };
		B5C6AD91202240DB00E750AE /* SOIL.c */ = {isa = PBXFileReference; fileEncoding = 4; lastKnownFileType = sourcecode.c.c; path = SOIL.c; sourceTree = "<group>"; };
		B5C6AD92202240DB00E750AE /* stb_image_aug.c */ = {isa = PBXFileReference; fileEncoding = 4; lastKnownFileType = sourcecode.c.c; path = stb_image_aug.c; sourceTree = "<group>"; };
		B5C6AD93202240DB00E750AE /* image_helper.h */ = {isa = PBXFileReference; fileEncoding = 4; lastKnownFileType = sourcecode.c.h; path = image_helper.h; sourceTree = "<group>"; };
		B5C6AD94202240DB00E750AE /* image_DXT.h */ = {isa = PBXFileReference; fileEncoding = 4; lastKnownFileType = sourcecode.c.h; path = image_DXT.h; sourceTree = "<group>"; };
		B5C6AD9E202241A100E750AE /* libirrklang.dylib */ = {isa = PBXFileReference; lastKnownFileType = "compiled.mach-o.dylib"; name = libirrklang.dylib; path = "../irrKlang-64bit-1.5.0/bin/macosx-gcc/libirrklang.dylib"; sourceTree = "<group>"; };
		B5C6ADA2202241ED00E750AE /* libirrklang.dylib */ = {isa = PBXFileReference; lastKnownFileType = "compiled.mach-o.dylib"; name = libirrklang.dylib; path = ../irrKlang/libirrklang.dylib; sourceTree = "<group>"; };
/* End PBXFileReference section */

/* Begin PBXFrameworksBuildPhase section */
		B58827421F40E44100C07AEB /* Frameworks */ = {
			isa = PBXFrameworksBuildPhase;
			buildActionMask = 2147483647;
			files = (
				B5C6ADA3202241ED00E750AE /* libirrklang.dylib in Frameworks */,
			);
			runOnlyForDeploymentPostprocessing = 0;
		};
/* End PBXFrameworksBuildPhase section */

/* Begin PBXGroup section */
		B588273C1F40E44000C07AEB = {
			isa = PBXGroup;
			children = (
				B58827471F40E44100C07AEB /* Generic Tycoon Thingy */,
				B5C6AC862022404A00E750AE /* Data */,
				B5C6AC882022405E00E750AE /* Classes */,
				B5882A8A1F42316300C07AEB /* Dylibs */,
				B58827461F40E44100C07AEB /* Products */,
				B5C6ACBC2022408900E750AE /* irrKlang */,
				B5C6ACD62022409E00E750AE /* lua */,
				B5C6AD34202240B500E750AE /* LuaObj */,
				B5C6AD3A202240C500E750AE /* W */,
				B5C6AD87202240DB00E750AE /* Soil */,
				B5C6AD9D202241A000E750AE /* Frameworks */,
			);
			sourceTree = "<group>";
		};
		B58827461F40E44100C07AEB /* Products */ = {
			isa = PBXGroup;
			children = (
				B58827451F40E44100C07AEB /* Generic Tycoon Thingy.app */,
			);
			name = Products;
			sourceTree = "<group>";
		};
		B58827471F40E44100C07AEB /* Generic Tycoon Thingy */ = {
			isa = PBXGroup;
			children = (
				B58827481F40E44100C07AEB /* AppDelegate.h */,
				B58827491F40E44100C07AEB /* AppDelegate.m */,
				B588274E1F40E44100C07AEB /* Assets.xcassets */,
				B58827501F40E44100C07AEB /* MainMenu.xib */,
				B58827531F40E44100C07AEB /* Info.plist */,
				B588274B1F40E44100C07AEB /* Supporting Files */,
			);
			path = "Generic Tycoon Thingy";
			sourceTree = "<group>";
		};
		B588274B1F40E44100C07AEB /* Supporting Files */ = {
			isa = PBXGroup;
			children = (
				B588274C1F40E44100C07AEB /* main.m */,
			);
			name = "Supporting Files";
			sourceTree = "<group>";
		};
		B5882A8A1F42316300C07AEB /* Dylibs */ = {
			isa = PBXGroup;
			children = (
				B5C6ADA2202241ED00E750AE /* libirrklang.dylib */,
			);
			name = Dylibs;
			sourceTree = "<group>";
		};
		B5C6AC882022405E00E750AE /* Classes */ = {
			isa = PBXGroup;
			children = (
				B5C6AC912022405E00E750AE /* Building.cpp */,
				B5C6AC9C2022405E00E750AE /* Building.hpp */,
				B5C6ACA52022405E00E750AE /* Controller.cpp */,
				B5C6AC8A2022405E00E750AE /* Controller.hpp */,
				B5C6AC922022405E00E750AE /* Furnishing.cpp */,
				B5C6AC9B2022405E00E750AE /* Furnishing.hpp */,
				B5C6ACA62022405E00E750AE /* LevelMap.cpp */,
				B5C6AC8B2022405E00E750AE /* LevelMap.hpp */,
				B5C6AC932022405E00E750AE /* State__Game.cpp */,
				B5C6AC9D2022405E00E750AE /* State__Game.hpp */,
				B5C6AC892022405E00E750AE /* State__TopMenu.cpp */,
				B5C6ACA42022405E00E750AE /* State__TopMenu.hpp */,
				B531F2B12035B7BE005A41FD /* State__WinLose.cpp */,
				B531F2B02035B7BE005A41FD /* State__WinLose.hpp */,
				B5C6AC8F2022405E00E750AE /* MrKlangy.cpp */,
				B5C6ACA92022405E00E750AE /* MrKlangy.hpp */,
				B5C6AC9F2022405E00E750AE /* MrPaths.cpp */,
				B5C6AC952022405E00E750AE /* MrPaths.hpp */,
				B5C6ACAA2022405E00E750AE /* Placeable.cpp */,
				B5C6AC8E2022405E00E750AE /* Placeable.hpp */,
				B5C6AC962022405E00E750AE /* PlaceableManager.cpp */,
				B5C6ACA02022405E00E750AE /* PlaceableManager.hpp */,
				B5C6AC9E2022405E00E750AE /* Serializable.cpp */,
				B5C6AC942022405E00E750AE /* Serializable.hpp */,
				B5C6ACA82022405E00E750AE /* Serializer.cpp */,
				B5C6AC8D2022405E00E750AE /* Serializer.hpp */,
				B5C6AC982022405E00E750AE /* TLO.cpp */,
				B5C6ACA12022405E00E750AE /* TLO.hpp */,
				B5C6AC8C2022405E00E750AE /* types.cpp */,
				B5C6ACA72022405E00E750AE /* types.hpp */,
				B5C6AC992022405E00E750AE /* UIDManager.cpp */,
				B5C6ACA32022405E00E750AE /* UIDManager.hpp */,
				B5C6ACA22022405E00E750AE /* Unit.cpp */,
				B5C6AC972022405E00E750AE /* Unit.hpp */,
				B5C6AC902022405E00E750AE /* View__Game.cpp */,
				B5C6AC9A2022405E00E750AE /* View__Game.hpp */,
				B53CD0492029C5DC00B76231 /* Views__UI.hpp */,
				B53CD04B2029C66100B76231 /* View__Help.hpp */,
				B531F2B42039DC6C005A41FD /* View__TopMenuBG.cpp */,
				B531F2B32039DC5D005A41FD /* View__TopMenuBG.hpp */,
				B531F2B62039FEA1005A41FD /* View__TwoBtns.hpp */,
			);
			name = Classes;
			path = ../Classes;
			sourceTree = "<group>";
		};
		B5C6ACBC2022408900E750AE /* irrKlang */ = {
			isa = PBXGroup;
			children = (
				B5C6ACBD2022408900E750AE /* ik_EStreamModes.h */,
				B5C6ACBE2022408900E750AE /* ik_vec3d.h */,
				B5C6ACBF2022408900E750AE /* ik_IVirtualRefCounted.h */,
				B5C6ACC02022408900E750AE /* ik_ISoundMixedOutputReceiver.h */,
				B5C6ACC22022408900E750AE /* ik_IFileReader.h */,
				B5C6ACC32022408900E750AE /* ik_IRefCounted.h */,
				B5C6ACC42022408900E750AE /* ik_IAudioRecorder.h */,
				B5C6ACC52022408900E750AE /* ik_IAudioStream.h */,
				B5C6ACC62022408900E750AE /* ik_ISound.h */,
				B5C6ACC72022408900E750AE /* irrKlang.h */,
				B5C6ACC82022408900E750AE /* ik_ISoundStopEventReceiver.h */,
				B5C6ACC92022408900E750AE /* ik_ESoundOutputDrivers.h */,
				B5C6ACCA2022408900E750AE /* ik_ISoundSource.h */,
				B5C6ACCB2022408900E750AE /* ik_IAudioStreamLoader.h */,
				B5C6ACCC2022408900E750AE /* ik_ESoundEngineOptions.h */,
				B5C6ACCD2022408900E750AE /* ik_irrKlangTypes.h */,
				B5C6ACCE2022408900E750AE /* ik_ISoundEffectControl.h */,
				B5C6ACCF2022408900E750AE /* ik_ISoundDeviceList.h */,
				B5C6ACD02022408900E750AE /* ik_SAudioStreamFormat.h */,
				B5C6ACD12022408900E750AE /* ik_IFileFactory.h */,
				B5C6ACD22022408900E750AE /* ik_ISoundEngine.h */,
			);
			name = irrKlang;
			path = ../irrKlang;
			sourceTree = "<group>";
		};
		B5C6ACD62022409E00E750AE /* lua */ = {
			isa = PBXGroup;
			children = (
				B5C6AD062022409E00E750AE /* lapi.c */,
				B5C6ACEC2022409E00E750AE /* lapi.h */,
				B5C6ACD72022409E00E750AE /* lauxlib.c */,
				B5C6ACFF2022409E00E750AE /* lauxlib.h */,
				B5C6AD072022409E00E750AE /* lbaselib.c */,
				B5C6AD052022409E00E750AE /* lbitlib.c */,
				B5C6AD032022409E00E750AE /* lcode.c */,
				B5C6ACEB2022409E00E750AE /* lcode.h */,
				B5C6AD012022409E00E750AE /* lcorolib.c */,
				B5C6ACF02022409E00E750AE /* lctype.c */,
				B5C6AD0F2022409E00E750AE /* lctype.h */,
				B5C6ACFD2022409E00E750AE /* ldblib.c */,
				B5C6AD092022409E00E750AE /* ldebug.c */,
				B5C6ACE92022409E00E750AE /* ldebug.h */,
				B5C6AD102022409E00E750AE /* ldo.c */,
				B5C6ACEE2022409E00E750AE /* ldo.h */,
				B5C6ACF62022409E00E750AE /* ldump.c */,
				B5C6ACE62022409E00E750AE /* lfunc.c */,
				B5C6AD0A2022409E00E750AE /* lfunc.h */,
				B5C6ACFB2022409E00E750AE /* lgc.c */,
				B5C6ACDC2022409E00E750AE /* lgc.h */,
				B5C6ACEA2022409E00E750AE /* linit.c */,
				B5C6ACDD2022409E00E750AE /* liolib.c */,
				B5C6AD0C2022409E00E750AE /* llex.c */,
				B5C6ACF12022409E00E750AE /* llex.h */,
				B5C6ACD92022409E00E750AE /* llimits.h */,
				B5C6ACE32022409E00E750AE /* lmathlib.c */,
				B5C6ACFE2022409E00E750AE /* lmem.c */,
				B5C6ACD82022409E00E750AE /* lmem.h */,
				B5C6ACE42022409E00E750AE /* loadlib.c */,
				B5C6ACE12022409E00E750AE /* lobject.c */,
				B5C6ACF72022409E00E750AE /* lobject.h */,
				B5C6ACDE2022409E00E750AE /* lopcodes.c */,
				B5C6ACF92022409E00E750AE /* lopcodes.h */,
				B5C6ACFA2022409E00E750AE /* loslib.c */,
				B5C6AD0B2022409E00E750AE /* lparser.c */,
				B5C6ACF52022409E00E750AE /* lparser.h */,
				B5C6ACDF2022409E00E750AE /* lstate.c */,
				B5C6ACF82022409E00E750AE /* lstate.h */,
				B5C6ACED2022409E00E750AE /* lstring.c */,
				B5C6AD022022409E00E750AE /* lstring.h */,
				B5C6ACE72022409E00E750AE /* lstrlib.c */,
				B5C6ACF42022409E00E750AE /* ltable.c */,
				B5C6AD0D2022409E00E750AE /* ltable.h */,
				B5C6AD042022409E00E750AE /* ltablib.c */,
				B5C6AD0E2022409E00E750AE /* ltm.c */,
				B5C6ACF32022409E00E750AE /* ltm.h */,
				B5C6AD082022409E00E750AE /* lua.h */,
				B5C6ACE02022409E00E750AE /* lua.hpp */,
				B5C6ACDA2022409E00E750AE /* luaconf.h */,
				B5C6ACE22022409E00E750AE /* lualib.h */,
				B5C6ACEF2022409E00E750AE /* lundump.c */,
				B5C6AD112022409E00E750AE /* lundump.h */,
				B5C6ACE52022409E00E750AE /* lvm.c */,
				B5C6AD002022409E00E750AE /* lvm.h */,
				B5C6ACFC2022409E00E750AE /* lzio.c */,
				B5C6ACDB2022409E00E750AE /* lzio.h */,
			);
			name = lua;
			path = ../lua;
			sourceTree = "<group>";
		};
		B5C6AD34202240B500E750AE /* LuaObj */ = {
			isa = PBXGroup;
			children = (
				B5C6AD35202240B500E750AE /* LuaObj.cpp */,
				B5C6AD37202240B500E750AE /* LuaObj.h */,
			);
			name = LuaObj;
			path = ../LuaObj;
			sourceTree = "<group>";
		};
		B5C6AD3A202240C500E750AE /* W */ = {
			isa = PBXGroup;
			children = (
				B5C6AD69202240C500E750AE /* Callback.h */,
				B5C6AD5D202240C500E750AE /* Colour.cpp */,
				B5C6AD51202240C500E750AE /* Colour.h */,
				B5C6AD62202240C500E750AE /* Controller.cpp */,
				B5C6AD57202240C500E750AE /* Controller.h */,
				B5C6AD60202240C500E750AE /* DObj.cpp */,
				B5C6AD45202240C500E750AE /* DObj.h */,
				B5C6AD66202240C500E750AE /* Event.cpp */,
				B5C6AD49202240C500E750AE /* Event.h */,
				B5C6AD63202240C500E750AE /* GameState.cpp */,
				B5C6AD44202240C500E750AE /* GameState.h */,
				B5C6AD48202240C500E750AE /* GenericRetro.cpp */,
				B5C6AD4D202240C500E750AE /* GenericRetro.h */,
				B5C6AD3F202240C500E750AE /* Log.cpp */,
				B5C6AD5B202240C500E750AE /* Log.h */,
				B5C6AD46202240C500E750AE /* MacOSXClasses.h */,
				B5C6AD5E202240C500E750AE /* MacOSXClasses.m */,
				B5C6AD6E202240C500E750AE /* MegaTexture.cpp */,
				B5C6AD3B202240C500E750AE /* MegaTexture.h */,
				B5C6AD4B202240C500E750AE /* Messenger.cpp */,
				B5C6AD6D202240C500E750AE /* Messenger.h */,
				B5C6AD50202240C500E750AE /* MisterHeapy.h */,
				B5C6AD58202240C500E750AE /* mtrand.cpp */,
				B5C6AD43202240C500E750AE /* mtrand.h */,
				B5C6AD3D202240C500E750AE /* Mutex.cpp */,
				B5C6AD65202240C500E750AE /* Mutex.h */,
				B5C6AD4E202240C500E750AE /* NavMap.cpp */,
				B5C6AD67202240C500E750AE /* NavMap.h */,
				B5C6AD6A202240C500E750AE /* oglInclude.h */,
				B5C6AD68202240C500E750AE /* Positioner.cpp */,
				B5C6AD5C202240C500E750AE /* Positioner.h */,
				B5C6AD5A202240C500E750AE /* Rand.cpp */,
				B5C6AD5F202240C500E750AE /* Rand.h */,
				B5C6AD52202240C500E750AE /* Texture.cpp */,
				B5C6AD61202240C500E750AE /* Texture.h */,
				B5C6AD4F202240C500E750AE /* Timer.cpp */,
				B5C6AD59202240C500E750AE /* Timer.h */,
				B5C6AD40202240C500E750AE /* types.cpp */,
				B5C6AD4A202240C500E750AE /* types.h */,
				B5C6AD41202240C500E750AE /* UIElement.cpp */,
				B5C6AD3C202240C500E750AE /* UIElement.h */,
				B5C6AD3E202240C500E750AE /* UIView.cpp */,
				B5C6AD64202240C500E750AE /* UIView.h */,
				B5C6AD42202240C500E750AE /* UpdateTimer.cpp */,
				B5C6AD6B202240C500E750AE /* UpdateTimer.h */,
				B5C6AD56202240C500E750AE /* View.cpp */,
				B5C6AD55202240C500E750AE /* View.h */,
				B5C6AD47202240C500E750AE /* W.h */,
				B5C6AD4C202240C500E750AE /* Window.cpp */,
				B5C6AD53202240C500E750AE /* Window.h */,
			);
			name = W;
			path = ../W;
			sourceTree = "<group>";
		};
		B5C6AD87202240DB00E750AE /* Soil */ = {
			isa = PBXGroup;
			children = (
				B5C6AD8C202240DB00E750AE /* image_DXT.c */,
				B5C6AD94202240DB00E750AE /* image_DXT.h */,
				B5C6AD88202240DB00E750AE /* image_helper.c */,
				B5C6AD93202240DB00E750AE /* image_helper.h */,
				B5C6AD91202240DB00E750AE /* SOIL.c */,
				B5C6AD8A202240DB00E750AE /* SOIL.h */,
				B5C6AD92202240DB00E750AE /* stb_image_aug.c */,
				B5C6AD89202240DB00E750AE /* stb_image_aug.h */,
				B5C6AD90202240DB00E750AE /* stbi_DDS_aug_c.h */,
				B5C6AD8B202240DB00E750AE /* stbi_DDS_aug.h */,
			);
			name = Soil;
			path = ../Soil;
			sourceTree = "<group>";
		};
		B5C6AD9D202241A000E750AE /* Frameworks */ = {
			isa = PBXGroup;
			children = (
				B5C6AD9E202241A100E750AE /* libirrklang.dylib */,
			);
			name = Frameworks;
			sourceTree = "<group>";
		};
/* End PBXGroup section */

/* Begin PBXNativeTarget section */
		B58827441F40E44100C07AEB /* Generic Tycoon Thingy */ = {
			isa = PBXNativeTarget;
			buildConfigurationList = B58827561F40E44100C07AEB /* Build configuration list for PBXNativeTarget "Generic Tycoon Thingy" */;
			buildPhases = (
				B58827411F40E44100C07AEB /* Sources */,
				B58827421F40E44100C07AEB /* Frameworks */,
				B58827431F40E44100C07AEB /* Resources */,
				B5882A471F40F13800C07AEB /* CopyFiles */,
			);
			buildRules = (
			);
			dependencies = (
			);
			name = "Generic Tycoon Thingy";
			productName = "Generic Tycoon Thingy";
			productReference = B58827451F40E44100C07AEB /* Generic Tycoon Thingy.app */;
			productType = "com.apple.product-type.application";
		};
/* End PBXNativeTarget section */

/* Begin PBXProject section */
		B588273D1F40E44000C07AEB /* Project object */ = {
			isa = PBXProject;
			attributes = {
				LastUpgradeCheck = 0730;
				ORGANIZATIONNAME = Ocelot;
				TargetAttributes = {
					B58827441F40E44100C07AEB = {
						CreatedOnToolsVersion = 7.3;
					};
				};
			};
			buildConfigurationList = B58827401F40E44000C07AEB /* Build configuration list for PBXProject "Generic Tycoon Thingy" */;
			compatibilityVersion = "Xcode 3.2";
			developmentRegion = English;
			hasScannedForEncodings = 0;
			knownRegions = (
				en,
				Base,
			);
			mainGroup = B588273C1F40E44000C07AEB;
			productRefGroup = B58827461F40E44100C07AEB /* Products */;
			projectDirPath = "";
			projectRoot = "";
			targets = (
				B58827441F40E44100C07AEB /* Generic Tycoon Thingy */,
			);
		};
/* End PBXProject section */

/* Begin PBXResourcesBuildPhase section */
		B58827431F40E44100C07AEB /* Resources */ = {
			isa = PBXResourcesBuildPhase;
			buildActionMask = 2147483647;
			files = (
				B588274F1F40E44100C07AEB /* Assets.xcassets in Resources */,
				B58827521F40E44100C07AEB /* MainMenu.xib in Resources */,
				B5C6AC872022404A00E750AE /* Data in Resources */,
			);
			runOnlyForDeploymentPostprocessing = 0;
		};
/* End PBXResourcesBuildPhase section */

/* Begin PBXSourcesBuildPhase section */
		B58827411F40E44100C07AEB /* Sources */ = {
			isa = PBXSourcesBuildPhase;
			buildActionMask = 2147483647;
			files = (
				B5C6AD312022409E00E750AE /* llex.c in Sources */,
				B5C6ACAE2022405E00E750AE /* View__Game.cpp in Sources */,
				B5C6AD2F2022409E00E750AE /* ldebug.c in Sources */,
				B5C6ACB52022405E00E750AE /* Serializable.cpp in Sources */,
				B5C6AD1F2022409E00E750AE /* lundump.c in Sources */,
				B5C6ACB62022405E00E750AE /* MrPaths.cpp in Sources */,
				B5C6ACB12022405E00E750AE /* State__Game.cpp in Sources */,
				B5C6ACB32022405E00E750AE /* TLO.cpp in Sources */,
				B5C6AD122022409E00E750AE /* lauxlib.c in Sources */,
				B5C6AD222022409E00E750AE /* ltable.c in Sources */,
				B5C6AD1E2022409E00E750AE /* lstring.c in Sources */,
				B5C6AD84202240C500E750AE /* Event.cpp in Sources */,
				B5C6AD79202240C500E750AE /* Timer.cpp in Sources */,
				B5C6AD7F202240C500E750AE /* Colour.cpp in Sources */,
				B531F2B52039DC6C005A41FD /* View__TopMenuBG.cpp in Sources */,
				B5C6AD182022409E00E750AE /* loadlib.c in Sources */,
				B5C6AD322022409E00E750AE /* ltm.c in Sources */,
				B5C6AD86202240C500E750AE /* MegaTexture.cpp in Sources */,
				B5C6AD7A202240C500E750AE /* Texture.cpp in Sources */,
				B5C6AD302022409E00E750AE /* lparser.c in Sources */,
				B5C6AD75202240C500E750AE /* GenericRetro.cpp in Sources */,
				B5C6ACAD2022405E00E750AE /* MrKlangy.cpp in Sources */,
				B5C6AD70202240C500E750AE /* UIView.cpp in Sources */,
				B5C6AD1A2022409E00E750AE /* lfunc.c in Sources */,
				B5C6AD77202240C500E750AE /* Window.cpp in Sources */,
				B5C6AD282022409E00E750AE /* lmem.c in Sources */,
				B5C6AD232022409E00E750AE /* ldump.c in Sources */,
				B5C6AD9A202240DC00E750AE /* SOIL.c in Sources */,
				B5C6AD83202240C500E750AE /* GameState.cpp in Sources */,
				B5C6AD78202240C500E750AE /* NavMap.cpp in Sources */,
				B5C6ACB82022405E00E750AE /* Controller.cpp in Sources */,
				B5C6AD2C2022409E00E750AE /* lbitlib.c in Sources */,
				B5C6AD2E2022409E00E750AE /* lbaselib.c in Sources */,
				B5C6AD2D2022409E00E750AE /* lapi.c in Sources */,
				B5C6ACAF2022405E00E750AE /* Building.cpp in Sources */,
				B5C6AD272022409E00E750AE /* ldblib.c in Sources */,
				B5C6AD6F202240C500E750AE /* Mutex.cpp in Sources */,
				B5C6AD172022409E00E750AE /* lmathlib.c in Sources */,
				B5C6AD192022409E00E750AE /* lvm.c in Sources */,
				B5C6AD1B2022409E00E750AE /* lstrlib.c in Sources */,
				B5C6AD96202240DC00E750AE /* image_helper.c in Sources */,
				B5C6AD82202240C500E750AE /* Controller.cpp in Sources */,
				B5C6AD7C202240C500E750AE /* View.cpp in Sources */,
				B5C6ACB92022405E00E750AE /* LevelMap.cpp in Sources */,
				B5C6AD132022409E00E750AE /* liolib.c in Sources */,
				B5C6AD72202240C500E750AE /* types.cpp in Sources */,
				B5C6ACBA2022405E00E750AE /* Serializer.cpp in Sources */,
				B5C6AD38202240B500E750AE /* LuaObj.cpp in Sources */,
				B5C6AD80202240C500E750AE /* MacOSXClasses.m in Sources */,
				B5C6AD76202240C500E750AE /* Messenger.cpp in Sources */,
				B5C6AD74202240C500E750AE /* UpdateTimer.cpp in Sources */,
				B5C6AD2B2022409E00E750AE /* ltablib.c in Sources */,
				B531F2B22035B7BE005A41FD /* State__WinLose.cpp in Sources */,
				B5C6ACAB2022405E00E750AE /* State__TopMenu.cpp in Sources */,
				B5C6AD81202240C500E750AE /* DObj.cpp in Sources */,
				B5C6ACBB2022405E00E750AE /* Placeable.cpp in Sources */,
				B5C6AD73202240C500E750AE /* UIElement.cpp in Sources */,
				B5C6AD1D2022409E00E750AE /* linit.c in Sources */,
				B5C6AD152022409E00E750AE /* lstate.c in Sources */,
				B5C6AD142022409E00E750AE /* lopcodes.c in Sources */,
				B5C6AD85202240C500E750AE /* Positioner.cpp in Sources */,
				B5C6ACAC2022405E00E750AE /* types.cpp in Sources */,
				B5C6ACB22022405E00E750AE /* PlaceableManager.cpp in Sources */,
				B5C6AD292022409E00E750AE /* lcorolib.c in Sources */,
				B5C6AD162022409E00E750AE /* lobject.c in Sources */,
				B5C6AD242022409E00E750AE /* loslib.c in Sources */,
				B5C6AD9B202240DC00E750AE /* stb_image_aug.c in Sources */,
				B5C6ACB02022405E00E750AE /* Furnishing.cpp in Sources */,
				B5C6AD252022409E00E750AE /* lgc.c in Sources */,
				B5C6AD332022409E00E750AE /* ldo.c in Sources */,
				B588274D1F40E44100C07AEB /* main.m in Sources */,
				B5C6AD71202240C500E750AE /* Log.cpp in Sources */,
				B5C6AD2A2022409E00E750AE /* lcode.c in Sources */,
				B5C6AD97202240DC00E750AE /* image_DXT.c in Sources */,
				B5C6ACB72022405E00E750AE /* Unit.cpp in Sources */,
				B588274A1F40E44100C07AEB /* AppDelegate.m in Sources */,
				B5C6AD7D202240C500E750AE /* mtrand.cpp in Sources */,
				B5C6ACB42022405E00E750AE /* UIDManager.cpp in Sources */,
				B5C6AD202022409E00E750AE /* lctype.c in Sources */,
				B5C6AD7E202240C500E750AE /* Rand.cpp in Sources */,
				B5C6AD262022409E00E750AE /* lzio.c in Sources */,
			);
			runOnlyForDeploymentPostprocessing = 0;
		};
/* End PBXSourcesBuildPhase section */

/* Begin PBXVariantGroup section */
		B58827501F40E44100C07AEB /* MainMenu.xib */ = {
			isa = PBXVariantGroup;
			children = (
				B58827511F40E44100C07AEB /* Base */,
			);
			name = MainMenu.xib;
			sourceTree = "<group>";
		};
/* End PBXVariantGroup section */

/* Begin XCBuildConfiguration section */
		B58827541F40E44100C07AEB /* Debug */ = {
			isa = XCBuildConfiguration;
			buildSettings = {
				ALWAYS_SEARCH_USER_PATHS = NO;
				CLANG_ANALYZER_NONNULL = YES;
				CLANG_CXX_LANGUAGE_STANDARD = "gnu++0x";
				CLANG_CXX_LIBRARY = "libc++";
				CLANG_ENABLE_MODULES = YES;
				CLANG_ENABLE_OBJC_ARC = YES;
				CLANG_WARN_BOOL_CONVERSION = YES;
				CLANG_WARN_CONSTANT_CONVERSION = YES;
				CLANG_WARN_DIRECT_OBJC_ISA_USAGE = YES_ERROR;
				CLANG_WARN_EMPTY_BODY = YES;
				CLANG_WARN_ENUM_CONVERSION = YES;
				CLANG_WARN_INT_CONVERSION = YES;
				CLANG_WARN_OBJC_ROOT_CLASS = YES_ERROR;
				CLANG_WARN_UNREACHABLE_CODE = YES;
				CLANG_WARN__DUPLICATE_METHOD_MATCH = YES;
				CODE_SIGN_IDENTITY = "-";
				COPY_PHASE_STRIP = NO;
				DEBUG_INFORMATION_FORMAT = dwarf;
				ENABLE_STRICT_OBJC_MSGSEND = YES;
				ENABLE_TESTABILITY = YES;
				GCC_C_LANGUAGE_STANDARD = gnu99;
				GCC_DYNAMIC_NO_PIC = NO;
				GCC_NO_COMMON_BLOCKS = YES;
				GCC_OPTIMIZATION_LEVEL = 0;
				GCC_PREPROCESSOR_DEFINITIONS = (
					"DEBUG=1",
					"$(inherited)",
				);
				GCC_WARN_64_TO_32_BIT_CONVERSION = YES;
				GCC_WARN_ABOUT_RETURN_TYPE = YES_ERROR;
				GCC_WARN_UNDECLARED_SELECTOR = YES;
				GCC_WARN_UNINITIALIZED_AUTOS = YES_AGGRESSIVE;
				GCC_WARN_UNUSED_FUNCTION = YES;
				GCC_WARN_UNUSED_VARIABLE = YES;
				MACOSX_DEPLOYMENT_TARGET = 10.12;
				MTL_ENABLE_DEBUG_INFO = YES;
				ONLY_ACTIVE_ARCH = YES;
				SDKROOT = macosx;
			};
			name = Debug;
		};
		B58827551F40E44100C07AEB /* Release */ = {
			isa = XCBuildConfiguration;
			buildSettings = {
				ALWAYS_SEARCH_USER_PATHS = NO;
				CLANG_ANALYZER_NONNULL = YES;
				CLANG_CXX_LANGUAGE_STANDARD = "gnu++0x";
				CLANG_CXX_LIBRARY = "libc++";
				CLANG_ENABLE_MODULES = YES;
				CLANG_ENABLE_OBJC_ARC = YES;
				CLANG_WARN_BOOL_CONVERSION = YES;
				CLANG_WARN_CONSTANT_CONVERSION = YES;
				CLANG_WARN_DIRECT_OBJC_ISA_USAGE = YES_ERROR;
				CLANG_WARN_EMPTY_BODY = YES;
				CLANG_WARN_ENUM_CONVERSION = YES;
				CLANG_WARN_INT_CONVERSION = YES;
				CLANG_WARN_OBJC_ROOT_CLASS = YES_ERROR;
				CLANG_WARN_UNREACHABLE_CODE = YES;
				CLANG_WARN__DUPLICATE_METHOD_MATCH = YES;
				CODE_SIGN_IDENTITY = "-";
				COPY_PHASE_STRIP = NO;
				DEBUG_INFORMATION_FORMAT = "dwarf-with-dsym";
				ENABLE_NS_ASSERTIONS = NO;
				ENABLE_STRICT_OBJC_MSGSEND = YES;
				GCC_C_LANGUAGE_STANDARD = gnu99;
				GCC_NO_COMMON_BLOCKS = YES;
				GCC_WARN_64_TO_32_BIT_CONVERSION = YES;
				GCC_WARN_ABOUT_RETURN_TYPE = YES_ERROR;
				GCC_WARN_UNDECLARED_SELECTOR = YES;
				GCC_WARN_UNINITIALIZED_AUTOS = YES_AGGRESSIVE;
				GCC_WARN_UNUSED_FUNCTION = YES;
				GCC_WARN_UNUSED_VARIABLE = YES;
				MACOSX_DEPLOYMENT_TARGET = 10.12;
				MTL_ENABLE_DEBUG_INFO = NO;
				SDKROOT = macosx;
			};
			name = Release;
		};
		B58827571F40E44100C07AEB /* Debug */ = {
			isa = XCBuildConfiguration;
			buildSettings = {
				ASSETCATALOG_COMPILER_APPICON_NAME = AppIcon;
				COMBINE_HIDPI_IMAGES = YES;
				FRAMEWORK_SEARCH_PATHS = "";
				INFOPLIST_FILE = "Generic Tycoon Thingy/Info.plist";
				LD_DYLIB_INSTALL_NAME = "";
				LD_RUNPATH_SEARCH_PATHS = "$(inherited) @executable_path/../Frameworks";
				LIBRARY_SEARCH_PATHS = "\"$(SRCROOT)/../irrKlang\"";
				PRODUCT_BUNDLE_IDENTIFIER = "com.ben.Generic-Tycoon-Thingy";
				PRODUCT_NAME = "$(TARGET_NAME)";
				REEXPORTED_LIBRARY_NAMES = "";
			};
			name = Debug;
		};
		B58827581F40E44100C07AEB /* Release */ = {
			isa = XCBuildConfiguration;
			buildSettings = {
				ASSETCATALOG_COMPILER_APPICON_NAME = AppIcon;
				COMBINE_HIDPI_IMAGES = YES;
				FRAMEWORK_SEARCH_PATHS = "";
				INFOPLIST_FILE = "Generic Tycoon Thingy/Info.plist";
				LD_RUNPATH_SEARCH_PATHS = "$(inherited) @executable_path/../Frameworks";
				LIBRARY_SEARCH_PATHS = "\"$(SRCROOT)/../irrKlang\"";
				PRODUCT_BUNDLE_IDENTIFIER = "com.ben.Generic-Tycoon-Thingy";
				PRODUCT_NAME = "$(TARGET_NAME)";
				REEXPORTED_LIBRARY_NAMES = "";
			};
			name = Release;
		};
/* End XCBuildConfiguration section */

/* Begin XCConfigurationList section */
		B58827401F40E44000C07AEB /* Build configuration list for PBXProject "Generic Tycoon Thingy" */ = {
			isa = XCConfigurationList;
			buildConfigurations = (
				B58827541F40E44100C07AEB /* Debug */,
				B58827551F40E44100C07AEB /* Release */,
			);
			defaultConfigurationIsVisible = 0;
			defaultConfigurationName = Release;
		};
		B58827561F40E44100C07AEB /* Build configuration list for PBXNativeTarget "Generic Tycoon Thingy" */ = {
			isa = XCConfigurationList;
			buildConfigurations = (
				B58827571F40E44100C07AEB /* Debug */,
				B58827581F40E44100C07AEB /* Release */,
			);
			defaultConfigurationIsVisible = 0;
			defaultConfigurationName = Release;
		};
/* End XCConfigurationList section */
	};
	rootObject = B588273D1F40E44000C07AEB /* Project object */;
}
