// !$*UTF8*$!
{
	archiveVersion = 1;
	classes = {
	};
	objectVersion = 46;
	objects = {

/* Begin PBXBuildFile section */
		B531F2B22035B7BE005A41FD /* State__WinLose.cpp in Sources */ = {isa = PBXBuildFile; fileRef = B531F2B12035B7BE005A41FD /* State__WinLose.cpp */; };
		B531F2B52039DC6C005A41FD /* View__TopMenuBG.cpp in Sources */ = {isa = PBXBuildFile; fileRef = B531F2B42039DC6C005A41FD /* View__TopMenuBG.cpp */; };
		B560212B203C1CD900107086 /* W.cpp in Sources */ = {isa = PBXBuildFile; fileRef = B560207D203C1CD900107086 /* W.cpp */; };
		B560212C203C1CD900107086 /* Mutex.cpp in Sources */ = {isa = PBXBuildFile; fileRef = B560207F203C1CD900107086 /* Mutex.cpp */; };
		B560212D203C1CD900107086 /* UIView.cpp in Sources */ = {isa = PBXBuildFile; fileRef = B5602080203C1CD900107086 /* UIView.cpp */; };
		B560212E203C1CD900107086 /* Log.cpp in Sources */ = {isa = PBXBuildFile; fileRef = B5602082203C1CD900107086 /* Log.cpp */; };
		B560212F203C1CD900107086 /* types.cpp in Sources */ = {isa = PBXBuildFile; fileRef = B5602083203C1CD900107086 /* types.cpp */; };
		B5602130203C1CD900107086 /* UIElement.cpp in Sources */ = {isa = PBXBuildFile; fileRef = B5602084203C1CD900107086 /* UIElement.cpp */; };
		B5602131203C1CD900107086 /* helpers__fileSys.cpp in Sources */ = {isa = PBXBuildFile; fileRef = B5602085203C1CD900107086 /* helpers__fileSys.cpp */; };
		B5602132203C1CD900107086 /* Returny.cpp in Sources */ = {isa = PBXBuildFile; fileRef = B5602086203C1CD900107086 /* Returny.cpp */; };
		B5602133203C1CD900107086 /* Messenger.cpp in Sources */ = {isa = PBXBuildFile; fileRef = B560208C203C1CD900107086 /* Messenger.cpp */; };
		B5602134203C1CD900107086 /* Window.cpp in Sources */ = {isa = PBXBuildFile; fileRef = B560208D203C1CD900107086 /* Window.cpp */; };
		B5602135203C1CD900107086 /* NavMap.cpp in Sources */ = {isa = PBXBuildFile; fileRef = B560208E203C1CD900107086 /* NavMap.cpp */; };
		B5602136203C1CD900107086 /* Timer.cpp in Sources */ = {isa = PBXBuildFile; fileRef = B560208F203C1CD900107086 /* Timer.cpp */; };
		B5602137203C1CD900107086 /* Texture.cpp in Sources */ = {isa = PBXBuildFile; fileRef = B5602092203C1CD900107086 /* Texture.cpp */; };
		B5602139203C1CD900107086 /* View.cpp in Sources */ = {isa = PBXBuildFile; fileRef = B5602096203C1CD900107086 /* View.cpp */; };
		B560213A203C1CD900107086 /* StorageObj.cpp in Sources */ = {isa = PBXBuildFile; fileRef = B5602098203C1CD900107086 /* StorageObj.cpp */; };
		B560213B203C1CD900107086 /* UpdateTimer.cpp in Sources */ = {isa = PBXBuildFile; fileRef = B560209A203C1CD900107086 /* UpdateTimer.cpp */; };
		B560213C203C1CD900107086 /* GenericRetro.cpp in Sources */ = {isa = PBXBuildFile; fileRef = B560209D203C1CD900107086 /* GenericRetro.cpp */; };
		B560213D203C1CD900107086 /* WInt_Texture.cpp in Sources */ = {isa = PBXBuildFile; fileRef = B560209E203C1CD900107086 /* WInt_Texture.cpp */; };
		B560213E203C1CD900107086 /* Drawable.cpp in Sources */ = {isa = PBXBuildFile; fileRef = B56020A3203C1CD900107086 /* Drawable.cpp */; };
		B560213F203C1CD900107086 /* mtrand.cpp in Sources */ = {isa = PBXBuildFile; fileRef = B56020A5203C1CD900107086 /* mtrand.cpp */; };
		B5602140203C1CD900107086 /* WInt_Image.cpp in Sources */ = {isa = PBXBuildFile; fileRef = B56020A6203C1CD900107086 /* WInt_Image.cpp */; };
		B5602141203C1CD900107086 /* W_internal.cpp in Sources */ = {isa = PBXBuildFile; fileRef = B56020A7203C1CD900107086 /* W_internal.cpp */; };
		B5602143203C1CD900107086 /* LuaObj.cpp in Sources */ = {isa = PBXBuildFile; fileRef = B56020AC203C1CD900107086 /* LuaObj.cpp */; };
		B5602147203C1CD900107086 /* lauxlib.c in Sources */ = {isa = PBXBuildFile; fileRef = B56020B2203C1CD900107086 /* lauxlib.c */; };
		B5602148203C1CD900107086 /* liolib.c in Sources */ = {isa = PBXBuildFile; fileRef = B56020B8203C1CD900107086 /* liolib.c */; };
		B5602149203C1CD900107086 /* lopcodes.c in Sources */ = {isa = PBXBuildFile; fileRef = B56020B9203C1CD900107086 /* lopcodes.c */; };
		B560214A203C1CD900107086 /* lstate.c in Sources */ = {isa = PBXBuildFile; fileRef = B56020BA203C1CD900107086 /* lstate.c */; };
		B560214B203C1CD900107086 /* lobject.c in Sources */ = {isa = PBXBuildFile; fileRef = B56020BB203C1CD900107086 /* lobject.c */; };
		B560214C203C1CD900107086 /* lmathlib.c in Sources */ = {isa = PBXBuildFile; fileRef = B56020BD203C1CD900107086 /* lmathlib.c */; };
		B560214D203C1CD900107086 /* loadlib.c in Sources */ = {isa = PBXBuildFile; fileRef = B56020BE203C1CD900107086 /* loadlib.c */; };
		B560214E203C1CD900107086 /* lvm.c in Sources */ = {isa = PBXBuildFile; fileRef = B56020BF203C1CD900107086 /* lvm.c */; };
		B560214F203C1CD900107086 /* lfunc.c in Sources */ = {isa = PBXBuildFile; fileRef = B56020C0203C1CD900107086 /* lfunc.c */; };
		B5602150203C1CD900107086 /* lstrlib.c in Sources */ = {isa = PBXBuildFile; fileRef = B56020C1203C1CD900107086 /* lstrlib.c */; };
		B5602153203C1CD900107086 /* linit.c in Sources */ = {isa = PBXBuildFile; fileRef = B56020C5203C1CD900107086 /* linit.c */; };
		B5602154203C1CD900107086 /* lstring.c in Sources */ = {isa = PBXBuildFile; fileRef = B56020C8203C1CD900107086 /* lstring.c */; };
		B5602156203C1CD900107086 /* lundump.c in Sources */ = {isa = PBXBuildFile; fileRef = B56020CB203C1CD900107086 /* lundump.c */; };
		B5602157203C1CD900107086 /* lctype.c in Sources */ = {isa = PBXBuildFile; fileRef = B56020CC203C1CD900107086 /* lctype.c */; };
		B5602158203C1CD900107086 /* ltable.c in Sources */ = {isa = PBXBuildFile; fileRef = B56020D0203C1CD900107086 /* ltable.c */; };
		B5602159203C1CD900107086 /* ldump.c in Sources */ = {isa = PBXBuildFile; fileRef = B56020D2203C1CD900107086 /* ldump.c */; };
		B560215A203C1CD900107086 /* loslib.c in Sources */ = {isa = PBXBuildFile; fileRef = B56020D6203C1CD900107086 /* loslib.c */; };
		B560215B203C1CD900107086 /* lgc.c in Sources */ = {isa = PBXBuildFile; fileRef = B56020D7203C1CD900107086 /* lgc.c */; };
		B560215C203C1CD900107086 /* lzio.c in Sources */ = {isa = PBXBuildFile; fileRef = B56020D8203C1CD900107086 /* lzio.c */; };
		B560215D203C1CD900107086 /* ldblib.c in Sources */ = {isa = PBXBuildFile; fileRef = B56020D9203C1CD900107086 /* ldblib.c */; };
		B560215E203C1CD900107086 /* lutf8lib.c in Sources */ = {isa = PBXBuildFile; fileRef = B56020DA203C1CD900107086 /* lutf8lib.c */; };
		B560215F203C1CD900107086 /* lmem.c in Sources */ = {isa = PBXBuildFile; fileRef = B56020DB203C1CD900107086 /* lmem.c */; };
		B5602160203C1CD900107086 /* lcorolib.c in Sources */ = {isa = PBXBuildFile; fileRef = B56020DE203C1CD900107086 /* lcorolib.c */; };
		B5602161203C1CD900107086 /* lcode.c in Sources */ = {isa = PBXBuildFile; fileRef = B56020E0203C1CD900107086 /* lcode.c */; };
		B5602162203C1CD900107086 /* ltablib.c in Sources */ = {isa = PBXBuildFile; fileRef = B56020E1203C1CD900107086 /* ltablib.c */; };
		B5602163203C1CD900107086 /* lbitlib.c in Sources */ = {isa = PBXBuildFile; fileRef = B56020E2203C1CD900107086 /* lbitlib.c */; };
		B5602164203C1CD900107086 /* lapi.c in Sources */ = {isa = PBXBuildFile; fileRef = B56020E3203C1CD900107086 /* lapi.c */; };
		B5602165203C1CD900107086 /* lbaselib.c in Sources */ = {isa = PBXBuildFile; fileRef = B56020E4203C1CD900107086 /* lbaselib.c */; };
		B5602166203C1CD900107086 /* ldebug.c in Sources */ = {isa = PBXBuildFile; fileRef = B56020E6203C1CD900107086 /* ldebug.c */; };
		B5602167203C1CD900107086 /* lparser.c in Sources */ = {isa = PBXBuildFile; fileRef = B56020E9203C1CD900107086 /* lparser.c */; };
		B5602168203C1CD900107086 /* llex.c in Sources */ = {isa = PBXBuildFile; fileRef = B56020EA203C1CD900107086 /* llex.c */; };
		B5602169203C1CD900107086 /* ltm.c in Sources */ = {isa = PBXBuildFile; fileRef = B56020EC203C1CD900107086 /* ltm.c */; };
		B560216A203C1CD900107086 /* ltests.c in Sources */ = {isa = PBXBuildFile; fileRef = B56020ED203C1CD900107086 /* ltests.c */; };
		B560216B203C1CD900107086 /* ldo.c in Sources */ = {isa = PBXBuildFile; fileRef = B56020EF203C1CD900107086 /* ldo.c */; };
		B560217A203C1CD900107086 /* image_helper.c in Sources */ = {isa = PBXBuildFile; fileRef = B5602108203C1CD900107086 /* image_helper.c */; };
		B560217B203C1CD900107086 /* image_DXT.c in Sources */ = {isa = PBXBuildFile; fileRef = B560210C203C1CD900107086 /* image_DXT.c */; };
		B560217C203C1CD900107086 /* SOIL.c in Sources */ = {isa = PBXBuildFile; fileRef = B560210E203C1CD900107086 /* SOIL.c */; };
		B560217D203C1CD900107086 /* stb_image_aug.c in Sources */ = {isa = PBXBuildFile; fileRef = B560210F203C1CD900107086 /* stb_image_aug.c */; };
		B560217F203C1CD900107086 /* Rand.cpp in Sources */ = {isa = PBXBuildFile; fileRef = B5602114203C1CD900107086 /* Rand.cpp */; };
		B5602181203C1CD900107086 /* Colour.cpp in Sources */ = {isa = PBXBuildFile; fileRef = B5602118203C1CD900107086 /* Colour.cpp */; };
		B5602182203C1CD900107086 /* MacOSXClasses.m in Sources */ = {isa = PBXBuildFile; fileRef = B5602119203C1CD900107086 /* MacOSXClasses.m */; };
		B5602183203C1CD900107086 /* TextureAtlas.cpp in Sources */ = {isa = PBXBuildFile; fileRef = B560211E203C1CD900107086 /* TextureAtlas.cpp */; };
		B5602184203C1CD900107086 /* GameState.cpp in Sources */ = {isa = PBXBuildFile; fileRef = B560211F203C1CD900107086 /* GameState.cpp */; };
		B5602185203C1CD900107086 /* Event.cpp in Sources */ = {isa = PBXBuildFile; fileRef = B5602122203C1CD900107086 /* Event.cpp */; };
		B5602186203C1CD900107086 /* Positioner.cpp in Sources */ = {isa = PBXBuildFile; fileRef = B5602125203C1CD900107086 /* Positioner.cpp */; };
		B5602187203C1CD900107086 /* DrawingClasses.cpp in Sources */ = {isa = PBXBuildFile; fileRef = B5602126203C1CD900107086 /* DrawingClasses.cpp */; };
		B588274A1F40E44100C07AEB /* AppDelegate.m in Sources */ = {isa = PBXBuildFile; fileRef = B58827491F40E44100C07AEB /* AppDelegate.m */; };
		B588274D1F40E44100C07AEB /* main.m in Sources */ = {isa = PBXBuildFile; fileRef = B588274C1F40E44100C07AEB /* main.m */; };
		B588274F1F40E44100C07AEB /* Assets.xcassets in Resources */ = {isa = PBXBuildFile; fileRef = B588274E1F40E44100C07AEB /* Assets.xcassets */; };
		B58827521F40E44100C07AEB /* MainMenu.xib in Resources */ = {isa = PBXBuildFile; fileRef = B58827501F40E44100C07AEB /* MainMenu.xib */; };
		B5C6AC872022404A00E750AE /* Data in Resources */ = {isa = PBXBuildFile; fileRef = B5C6AC862022404A00E750AE /* Data */; };
		B5C6ACAB2022405E00E750AE /* State__TopMenu.cpp in Sources */ = {isa = PBXBuildFile; fileRef = B5C6AC892022405E00E750AE /* State__TopMenu.cpp */; };
		B5C6ACAC2022405E00E750AE /* types.cpp in Sources */ = {isa = PBXBuildFile; fileRef = B5C6AC8C2022405E00E750AE /* types.cpp */; };
		B5C6ACAD2022405E00E750AE /* Audio.cpp in Sources */ = {isa = PBXBuildFile; fileRef = B5C6AC8F2022405E00E750AE /* Audio.cpp */; };
		B5C6ACAE2022405E00E750AE /* View__Game.cpp in Sources */ = {isa = PBXBuildFile; fileRef = B5C6AC902022405E00E750AE /* View__Game.cpp */; };
		B5C6ACAF2022405E00E750AE /* Building.cpp in Sources */ = {isa = PBXBuildFile; fileRef = B5C6AC912022405E00E750AE /* Building.cpp */; };
		B5C6ACB02022405E00E750AE /* Furnishing.cpp in Sources */ = {isa = PBXBuildFile; fileRef = B5C6AC922022405E00E750AE /* Furnishing.cpp */; };
		B5C6ACB12022405E00E750AE /* State__Game.cpp in Sources */ = {isa = PBXBuildFile; fileRef = B5C6AC932022405E00E750AE /* State__Game.cpp */; };
		B5C6ACB22022405E00E750AE /* PlaceableManager.cpp in Sources */ = {isa = PBXBuildFile; fileRef = B5C6AC962022405E00E750AE /* PlaceableManager.cpp */; };
		B5C6ACB32022405E00E750AE /* TLO.cpp in Sources */ = {isa = PBXBuildFile; fileRef = B5C6AC982022405E00E750AE /* TLO.cpp */; };
		B5C6ACB42022405E00E750AE /* UIDManager.cpp in Sources */ = {isa = PBXBuildFile; fileRef = B5C6AC992022405E00E750AE /* UIDManager.cpp */; };
		B5C6ACB52022405E00E750AE /* Serializable.cpp in Sources */ = {isa = PBXBuildFile; fileRef = B5C6AC9E2022405E00E750AE /* Serializable.cpp */; };
		B5C6ACB62022405E00E750AE /* MrPaths.cpp in Sources */ = {isa = PBXBuildFile; fileRef = B5C6AC9F2022405E00E750AE /* MrPaths.cpp */; };
		B5C6ACB72022405E00E750AE /* Unit.cpp in Sources */ = {isa = PBXBuildFile; fileRef = B5C6ACA22022405E00E750AE /* Unit.cpp */; };
		B5C6ACB82022405E00E750AE /* Controller.cpp in Sources */ = {isa = PBXBuildFile; fileRef = B5C6ACA52022405E00E750AE /* Controller.cpp */; };
		B5C6ACB92022405E00E750AE /* LevelMap.cpp in Sources */ = {isa = PBXBuildFile; fileRef = B5C6ACA62022405E00E750AE /* LevelMap.cpp */; };
		B5C6ACBA2022405E00E750AE /* Serializer.cpp in Sources */ = {isa = PBXBuildFile; fileRef = B5C6ACA82022405E00E750AE /* Serializer.cpp */; };
		B5C6ACBB2022405E00E750AE /* Placeable.cpp in Sources */ = {isa = PBXBuildFile; fileRef = B5C6ACAA2022405E00E750AE /* Placeable.cpp */; };
		B5C6ADA3202241ED00E750AE /* libirrklang.dylib in Frameworks */ = {isa = PBXBuildFile; fileRef = B5C6ADA2202241ED00E750AE /* libirrklang.dylib */; };
		B5C6ADA42022423000E750AE /* libirrklang.dylib in CopyFiles */ = {isa = PBXBuildFile; fileRef = B5C6ADA2202241ED00E750AE /* libirrklang.dylib */; settings = {ATTRIBUTES = (CodeSignOnCopy, ); }; };
/* End PBXBuildFile section */

/* Begin PBXCopyFilesBuildPhase section */
		B5882A471F40F13800C07AEB /* CopyFiles */ = {
			isa = PBXCopyFilesBuildPhase;
			buildActionMask = 2147483647;
			dstPath = "";
			dstSubfolderSpec = 10;
			files = (
				B5C6ADA42022423000E750AE /* libirrklang.dylib in CopyFiles */,
			);
			runOnlyForDeploymentPostprocessing = 0;
		};
/* End PBXCopyFilesBuildPhase section */

/* Begin PBXFileReference section */
		B531F2B02035B7BE005A41FD /* State__WinLose.hpp */ = {isa = PBXFileReference; fileEncoding = 4; lastKnownFileType = sourcecode.cpp.h; path = State__WinLose.hpp; sourceTree = "<group>"; };
		B531F2B12035B7BE005A41FD /* State__WinLose.cpp */ = {isa = PBXFileReference; fileEncoding = 4; lastKnownFileType = sourcecode.cpp.cpp; path = State__WinLose.cpp; sourceTree = "<group>"; };
		B531F2B32039DC5D005A41FD /* View__TopMenuBG.hpp */ = {isa = PBXFileReference; fileEncoding = 4; lastKnownFileType = sourcecode.cpp.h; path = View__TopMenuBG.hpp; sourceTree = "<group>"; };
		B531F2B42039DC6C005A41FD /* View__TopMenuBG.cpp */ = {isa = PBXFileReference; fileEncoding = 4; lastKnownFileType = sourcecode.cpp.cpp; path = View__TopMenuBG.cpp; sourceTree = "<group>"; };
		B531F2B62039FEA1005A41FD /* View__TwoBtns.hpp */ = {isa = PBXFileReference; fileEncoding = 4; lastKnownFileType = sourcecode.cpp.h; path = View__TwoBtns.hpp; sourceTree = "<group>"; };
		B53CD0492029C5DC00B76231 /* Views__UI.hpp */ = {isa = PBXFileReference; lastKnownFileType = sourcecode.cpp.h; path = Views__UI.hpp; sourceTree = "<group>"; };
		B53CD04B2029C66100B76231 /* View__Help.hpp */ = {isa = PBXFileReference; lastKnownFileType = sourcecode.cpp.h; path = View__Help.hpp; sourceTree = "<group>"; };
		B560207D203C1CD900107086 /* W.cpp */ = {isa = PBXFileReference; fileEncoding = 4; lastKnownFileType = sourcecode.cpp.cpp; path = W.cpp; sourceTree = "<group>"; };
		B560207E203C1CD900107086 /* UIElement.h */ = {isa = PBXFileReference; fileEncoding = 4; lastKnownFileType = sourcecode.c.h; path = UIElement.h; sourceTree = "<group>"; };
		B560207F203C1CD900107086 /* Mutex.cpp */ = {isa = PBXFileReference; fileEncoding = 4; lastKnownFileType = sourcecode.cpp.cpp; path = Mutex.cpp; sourceTree = "<group>"; };
		B5602080203C1CD900107086 /* UIView.cpp */ = {isa = PBXFileReference; fileEncoding = 4; lastKnownFileType = sourcecode.cpp.cpp; path = UIView.cpp; sourceTree = "<group>"; };
		B5602081203C1CD900107086 /* lua.hpp */ = {isa = PBXFileReference; fileEncoding = 4; lastKnownFileType = sourcecode.cpp.h; path = lua.hpp; sourceTree = "<group>"; };
		B5602082203C1CD900107086 /* Log.cpp */ = {isa = PBXFileReference; fileEncoding = 4; lastKnownFileType = sourcecode.cpp.cpp; path = Log.cpp; sourceTree = "<group>"; };
		B5602083203C1CD900107086 /* types.cpp */ = {isa = PBXFileReference; fileEncoding = 4; lastKnownFileType = sourcecode.cpp.cpp; path = types.cpp; sourceTree = "<group>"; };
		B5602084203C1CD900107086 /* UIElement.cpp */ = {isa = PBXFileReference; fileEncoding = 4; lastKnownFileType = sourcecode.cpp.cpp; path = UIElement.cpp; sourceTree = "<group>"; };
		B5602085203C1CD900107086 /* helpers__fileSys.cpp */ = {isa = PBXFileReference; explicitFileType = sourcecode.cpp.objcpp; fileEncoding = 4; path = helpers__fileSys.cpp; sourceTree = "<group>"; };
		B5602086203C1CD900107086 /* Returny.cpp */ = {isa = PBXFileReference; fileEncoding = 4; lastKnownFileType = sourcecode.cpp.cpp; path = Returny.cpp; sourceTree = "<group>"; };
		B5602087203C1CD900107086 /* GameState.h */ = {isa = PBXFileReference; fileEncoding = 4; lastKnownFileType = sourcecode.c.h; path = GameState.h; sourceTree = "<group>"; };
		B5602088203C1CD900107086 /* MacOSXClasses.h */ = {isa = PBXFileReference; fileEncoding = 4; lastKnownFileType = sourcecode.c.h; path = MacOSXClasses.h; sourceTree = "<group>"; };
		B5602089203C1CD900107086 /* W.h */ = {isa = PBXFileReference; fileEncoding = 4; lastKnownFileType = sourcecode.c.h; path = W.h; sourceTree = "<group>"; };
		B560208A203C1CD900107086 /* Event.h */ = {isa = PBXFileReference; fileEncoding = 4; lastKnownFileType = sourcecode.c.h; path = Event.h; sourceTree = "<group>"; };
		B560208B203C1CD900107086 /* types.h */ = {isa = PBXFileReference; fileEncoding = 4; lastKnownFileType = sourcecode.c.h; path = types.h; sourceTree = "<group>"; };
		B560208C203C1CD900107086 /* Messenger.cpp */ = {isa = PBXFileReference; fileEncoding = 4; lastKnownFileType = sourcecode.cpp.cpp; path = Messenger.cpp; sourceTree = "<group>"; };
		B560208D203C1CD900107086 /* Window.cpp */ = {isa = PBXFileReference; explicitFileType = sourcecode.cpp.objcpp; fileEncoding = 4; path = Window.cpp; sourceTree = "<group>"; };
		B560208E203C1CD900107086 /* NavMap.cpp */ = {isa = PBXFileReference; fileEncoding = 4; lastKnownFileType = sourcecode.cpp.cpp; path = NavMap.cpp; sourceTree = "<group>"; };
		B560208F203C1CD900107086 /* Timer.cpp */ = {isa = PBXFileReference; fileEncoding = 4; lastKnownFileType = sourcecode.cpp.cpp; path = Timer.cpp; sourceTree = "<group>"; };
		B5602090203C1CD900107086 /* MisterHeapy.h */ = {isa = PBXFileReference; fileEncoding = 4; lastKnownFileType = sourcecode.c.h; path = MisterHeapy.h; sourceTree = "<group>"; };
		B5602091203C1CD900107086 /* Colour.h */ = {isa = PBXFileReference; fileEncoding = 4; lastKnownFileType = sourcecode.c.h; path = Colour.h; sourceTree = "<group>"; };
		B5602092203C1CD900107086 /* Texture.cpp */ = {isa = PBXFileReference; fileEncoding = 4; lastKnownFileType = sourcecode.cpp.cpp; path = Texture.cpp; sourceTree = "<group>"; };
		B5602093203C1CD900107086 /* Window.h */ = {isa = PBXFileReference; fileEncoding = 4; lastKnownFileType = sourcecode.c.h; path = Window.h; sourceTree = "<group>"; };
		B5602095203C1CD900107086 /* View.h */ = {isa = PBXFileReference; fileEncoding = 4; lastKnownFileType = sourcecode.c.h; path = View.h; sourceTree = "<group>"; };
		B5602096203C1CD900107086 /* View.cpp */ = {isa = PBXFileReference; fileEncoding = 4; lastKnownFileType = sourcecode.cpp.cpp; path = View.cpp; sourceTree = "<group>"; };
		B5602098203C1CD900107086 /* StorageObj.cpp */ = {isa = PBXFileReference; fileEncoding = 4; lastKnownFileType = sourcecode.cpp.cpp; path = StorageObj.cpp; sourceTree = "<group>"; };
		B5602099203C1CD900107086 /* DebugMacro.h */ = {isa = PBXFileReference; fileEncoding = 4; lastKnownFileType = sourcecode.c.h; path = DebugMacro.h; sourceTree = "<group>"; };
		B560209A203C1CD900107086 /* UpdateTimer.cpp */ = {isa = PBXFileReference; explicitFileType = sourcecode.cpp.objcpp; fileEncoding = 4; path = UpdateTimer.cpp; sourceTree = "<group>"; };
		B560209B203C1CD900107086 /* Drawable.h */ = {isa = PBXFileReference; fileEncoding = 4; lastKnownFileType = sourcecode.c.h; path = Drawable.h; sourceTree = "<group>"; };
		B560209C203C1CD900107086 /* mtrand.h */ = {isa = PBXFileReference; fileEncoding = 4; lastKnownFileType = sourcecode.c.h; path = mtrand.h; sourceTree = "<group>"; };
		B560209D203C1CD900107086 /* GenericRetro.cpp */ = {isa = PBXFileReference; fileEncoding = 4; lastKnownFileType = sourcecode.cpp.cpp; path = GenericRetro.cpp; sourceTree = "<group>"; };
		B560209E203C1CD900107086 /* WInt_Texture.cpp */ = {isa = PBXFileReference; fileEncoding = 4; lastKnownFileType = sourcecode.cpp.cpp; path = WInt_Texture.cpp; sourceTree = "<group>"; };
		B560209F203C1CD900107086 /* WInt_Texture.h */ = {isa = PBXFileReference; fileEncoding = 4; lastKnownFileType = sourcecode.c.h; path = WInt_Texture.h; sourceTree = "<group>"; };
		B56020A0203C1CD900107086 /* GenericRetro.h */ = {isa = PBXFileReference; fileEncoding = 4; lastKnownFileType = sourcecode.c.h; path = GenericRetro.h; sourceTree = "<group>"; };
		B56020A1203C1CD900107086 /* TemplatedArrayThingy.h */ = {isa = PBXFileReference; fileEncoding = 4; lastKnownFileType = sourcecode.c.h; path = TemplatedArrayThingy.h; sourceTree = "<group>"; };
		B56020A2203C1CD900107086 /* W_internal.h */ = {isa = PBXFileReference; fileEncoding = 4; lastKnownFileType = sourcecode.c.h; path = W_internal.h; sourceTree = "<group>"; };
		B56020A3203C1CD900107086 /* Drawable.cpp */ = {isa = PBXFileReference; fileEncoding = 4; lastKnownFileType = sourcecode.cpp.cpp; path = Drawable.cpp; sourceTree = "<group>"; };
		B56020A4203C1CD900107086 /* StorageObj.h */ = {isa = PBXFileReference; fileEncoding = 4; lastKnownFileType = sourcecode.c.h; path = StorageObj.h; sourceTree = "<group>"; };
		B56020A5203C1CD900107086 /* mtrand.cpp */ = {isa = PBXFileReference; fileEncoding = 4; lastKnownFileType = sourcecode.cpp.cpp; path = mtrand.cpp; sourceTree = "<group>"; };
		B56020A6203C1CD900107086 /* WInt_Image.cpp */ = {isa = PBXFileReference; fileEncoding = 4; lastKnownFileType = sourcecode.cpp.cpp; path = WInt_Image.cpp; sourceTree = "<group>"; };
		B56020A7203C1CD900107086 /* W_internal.cpp */ = {isa = PBXFileReference; explicitFileType = sourcecode.cpp.objcpp; fileEncoding = 4; path = W_internal.cpp; sourceTree = "<group>"; };
		B56020A8203C1CD900107086 /* WInt_Image.h */ = {isa = PBXFileReference; fileEncoding = 4; lastKnownFileType = sourcecode.c.h; path = WInt_Image.h; sourceTree = "<group>"; };
		B56020A9203C1CD900107086 /* UpdateTimer.h */ = {isa = PBXFileReference; fileEncoding = 4; lastKnownFileType = sourcecode.c.h; path = UpdateTimer.h; sourceTree = "<group>"; };
		B56020AC203C1CD900107086 /* LuaObj.cpp */ = {isa = PBXFileReference; fileEncoding = 4; lastKnownFileType = sourcecode.cpp.cpp; path = LuaObj.cpp; sourceTree = "<group>"; };
		B56020AF203C1CD900107086 /* LuaObj.h */ = {isa = PBXFileReference; fileEncoding = 4; lastKnownFileType = sourcecode.c.h; path = LuaObj.h; sourceTree = "<group>"; };
		B56020B2203C1CD900107086 /* lauxlib.c */ = {isa = PBXFileReference; fileEncoding = 4; lastKnownFileType = sourcecode.c.c; path = lauxlib.c; sourceTree = "<group>"; };
		B56020B3203C1CD900107086 /* lmem.h */ = {isa = PBXFileReference; fileEncoding = 4; lastKnownFileType = sourcecode.c.h; path = lmem.h; sourceTree = "<group>"; };
		B56020B4203C1CD900107086 /* llimits.h */ = {isa = PBXFileReference; fileEncoding = 4; lastKnownFileType = sourcecode.c.h; path = llimits.h; sourceTree = "<group>"; };
		B56020B5203C1CD900107086 /* luaconf.h */ = {isa = PBXFileReference; fileEncoding = 4; lastKnownFileType = sourcecode.c.h; path = luaconf.h; sourceTree = "<group>"; };
		B56020B6203C1CD900107086 /* lzio.h */ = {isa = PBXFileReference; fileEncoding = 4; lastKnownFileType = sourcecode.c.h; path = lzio.h; sourceTree = "<group>"; };
		B56020B7203C1CD900107086 /* lgc.h */ = {isa = PBXFileReference; fileEncoding = 4; lastKnownFileType = sourcecode.c.h; path = lgc.h; sourceTree = "<group>"; };
		B56020B8203C1CD900107086 /* liolib.c */ = {isa = PBXFileReference; fileEncoding = 4; lastKnownFileType = sourcecode.c.c; path = liolib.c; sourceTree = "<group>"; };
		B56020B9203C1CD900107086 /* lopcodes.c */ = {isa = PBXFileReference; fileEncoding = 4; lastKnownFileType = sourcecode.c.c; path = lopcodes.c; sourceTree = "<group>"; };
		B56020BA203C1CD900107086 /* lstate.c */ = {isa = PBXFileReference; fileEncoding = 4; lastKnownFileType = sourcecode.c.c; path = lstate.c; sourceTree = "<group>"; };
		B56020BB203C1CD900107086 /* lobject.c */ = {isa = PBXFileReference; fileEncoding = 4; lastKnownFileType = sourcecode.c.c; path = lobject.c; sourceTree = "<group>"; };
		B56020BC203C1CD900107086 /* lualib.h */ = {isa = PBXFileReference; fileEncoding = 4; lastKnownFileType = sourcecode.c.h; path = lualib.h; sourceTree = "<group>"; };
		B56020BD203C1CD900107086 /* lmathlib.c */ = {isa = PBXFileReference; fileEncoding = 4; lastKnownFileType = sourcecode.c.c; path = lmathlib.c; sourceTree = "<group>"; };
		B56020BE203C1CD900107086 /* loadlib.c */ = {isa = PBXFileReference; fileEncoding = 4; lastKnownFileType = sourcecode.c.c; path = loadlib.c; sourceTree = "<group>"; };
		B56020BF203C1CD900107086 /* lvm.c */ = {isa = PBXFileReference; fileEncoding = 4; lastKnownFileType = sourcecode.c.c; path = lvm.c; sourceTree = "<group>"; };
		B56020C0203C1CD900107086 /* lfunc.c */ = {isa = PBXFileReference; fileEncoding = 4; lastKnownFileType = sourcecode.c.c; path = lfunc.c; sourceTree = "<group>"; };
		B56020C1203C1CD900107086 /* lstrlib.c */ = {isa = PBXFileReference; fileEncoding = 4; lastKnownFileType = sourcecode.c.c; path = lstrlib.c; sourceTree = "<group>"; };
		B56020C4203C1CD900107086 /* ldebug.h */ = {isa = PBXFileReference; fileEncoding = 4; lastKnownFileType = sourcecode.c.h; path = ldebug.h; sourceTree = "<group>"; };
		B56020C5203C1CD900107086 /* linit.c */ = {isa = PBXFileReference; fileEncoding = 4; lastKnownFileType = sourcecode.c.c; path = linit.c; sourceTree = "<group>"; };
		B56020C6203C1CD900107086 /* lcode.h */ = {isa = PBXFileReference; fileEncoding = 4; lastKnownFileType = sourcecode.c.h; path = lcode.h; sourceTree = "<group>"; };
		B56020C7203C1CD900107086 /* lapi.h */ = {isa = PBXFileReference; fileEncoding = 4; lastKnownFileType = sourcecode.c.h; path = lapi.h; sourceTree = "<group>"; };
		B56020C8203C1CD900107086 /* lstring.c */ = {isa = PBXFileReference; fileEncoding = 4; lastKnownFileType = sourcecode.c.c; path = lstring.c; sourceTree = "<group>"; };
		B56020CA203C1CD900107086 /* ldo.h */ = {isa = PBXFileReference; fileEncoding = 4; lastKnownFileType = sourcecode.c.h; path = ldo.h; sourceTree = "<group>"; };
		B56020CB203C1CD900107086 /* lundump.c */ = {isa = PBXFileReference; fileEncoding = 4; lastKnownFileType = sourcecode.c.c; path = lundump.c; sourceTree = "<group>"; };
		B56020CC203C1CD900107086 /* lctype.c */ = {isa = PBXFileReference; fileEncoding = 4; lastKnownFileType = sourcecode.c.c; path = lctype.c; sourceTree = "<group>"; };
		B56020CD203C1CD900107086 /* ltests.h */ = {isa = PBXFileReference; fileEncoding = 4; lastKnownFileType = sourcecode.c.h; path = ltests.h; sourceTree = "<group>"; };
		B56020CE203C1CD900107086 /* llex.h */ = {isa = PBXFileReference; fileEncoding = 4; lastKnownFileType = sourcecode.c.h; path = llex.h; sourceTree = "<group>"; };
		B56020CF203C1CD900107086 /* ltm.h */ = {isa = PBXFileReference; fileEncoding = 4; lastKnownFileType = sourcecode.c.h; path = ltm.h; sourceTree = "<group>"; };
		B56020D0203C1CD900107086 /* ltable.c */ = {isa = PBXFileReference; fileEncoding = 4; lastKnownFileType = sourcecode.c.c; path = ltable.c; sourceTree = "<group>"; };
		B56020D1203C1CD900107086 /* lparser.h */ = {isa = PBXFileReference; fileEncoding = 4; lastKnownFileType = sourcecode.c.h; path = lparser.h; sourceTree = "<group>"; };
		B56020D2203C1CD900107086 /* ldump.c */ = {isa = PBXFileReference; fileEncoding = 4; lastKnownFileType = sourcecode.c.c; path = ldump.c; sourceTree = "<group>"; };
		B56020D3203C1CD900107086 /* lobject.h */ = {isa = PBXFileReference; fileEncoding = 4; lastKnownFileType = sourcecode.c.h; path = lobject.h; sourceTree = "<group>"; };
		B56020D4203C1CD900107086 /* lstate.h */ = {isa = PBXFileReference; fileEncoding = 4; lastKnownFileType = sourcecode.c.h; path = lstate.h; sourceTree = "<group>"; };
		B56020D5203C1CD900107086 /* lopcodes.h */ = {isa = PBXFileReference; fileEncoding = 4; lastKnownFileType = sourcecode.c.h; path = lopcodes.h; sourceTree = "<group>"; };
		B56020D6203C1CD900107086 /* loslib.c */ = {isa = PBXFileReference; fileEncoding = 4; lastKnownFileType = sourcecode.c.c; path = loslib.c; sourceTree = "<group>"; };
		B56020D7203C1CD900107086 /* lgc.c */ = {isa = PBXFileReference; fileEncoding = 4; lastKnownFileType = sourcecode.c.c; path = lgc.c; sourceTree = "<group>"; };
		B56020D8203C1CD900107086 /* lzio.c */ = {isa = PBXFileReference; fileEncoding = 4; lastKnownFileType = sourcecode.c.c; path = lzio.c; sourceTree = "<group>"; };
		B56020D9203C1CD900107086 /* ldblib.c */ = {isa = PBXFileReference; fileEncoding = 4; lastKnownFileType = sourcecode.c.c; path = ldblib.c; sourceTree = "<group>"; };
		B56020DA203C1CD900107086 /* lutf8lib.c */ = {isa = PBXFileReference; fileEncoding = 4; lastKnownFileType = sourcecode.c.c; path = lutf8lib.c; sourceTree = "<group>"; };
		B56020DB203C1CD900107086 /* lmem.c */ = {isa = PBXFileReference; fileEncoding = 4; lastKnownFileType = sourcecode.c.c; path = lmem.c; sourceTree = "<group>"; };
		B56020DC203C1CD900107086 /* lauxlib.h */ = {isa = PBXFileReference; fileEncoding = 4; lastKnownFileType = sourcecode.c.h; path = lauxlib.h; sourceTree = "<group>"; };
		B56020DD203C1CD900107086 /* lvm.h */ = {isa = PBXFileReference; fileEncoding = 4; lastKnownFileType = sourcecode.c.h; path = lvm.h; sourceTree = "<group>"; };
		B56020DE203C1CD900107086 /* lcorolib.c */ = {isa = PBXFileReference; fileEncoding = 4; lastKnownFileType = sourcecode.c.c; path = lcorolib.c; sourceTree = "<group>"; };
		B56020DF203C1CD900107086 /* lstring.h */ = {isa = PBXFileReference; fileEncoding = 4; lastKnownFileType = sourcecode.c.h; path = lstring.h; sourceTree = "<group>"; };
		B56020E0203C1CD900107086 /* lcode.c */ = {isa = PBXFileReference; fileEncoding = 4; lastKnownFileType = sourcecode.c.c; path = lcode.c; sourceTree = "<group>"; };
		B56020E1203C1CD900107086 /* ltablib.c */ = {isa = PBXFileReference; fileEncoding = 4; lastKnownFileType = sourcecode.c.c; path = ltablib.c; sourceTree = "<group>"; };
		B56020E2203C1CD900107086 /* lbitlib.c */ = {isa = PBXFileReference; fileEncoding = 4; lastKnownFileType = sourcecode.c.c; path = lbitlib.c; sourceTree = "<group>"; };
		B56020E3203C1CD900107086 /* lapi.c */ = {isa = PBXFileReference; fileEncoding = 4; lastKnownFileType = sourcecode.c.c; path = lapi.c; sourceTree = "<group>"; };
		B56020E4203C1CD900107086 /* lbaselib.c */ = {isa = PBXFileReference; fileEncoding = 4; lastKnownFileType = sourcecode.c.c; path = lbaselib.c; sourceTree = "<group>"; };
		B56020E5203C1CD900107086 /* lua.h */ = {isa = PBXFileReference; fileEncoding = 4; lastKnownFileType = sourcecode.c.h; path = lua.h; sourceTree = "<group>"; };
		B56020E6203C1CD900107086 /* ldebug.c */ = {isa = PBXFileReference; fileEncoding = 4; lastKnownFileType = sourcecode.c.c; path = ldebug.c; sourceTree = "<group>"; };
		B56020E7203C1CD900107086 /* lfunc.h */ = {isa = PBXFileReference; fileEncoding = 4; lastKnownFileType = sourcecode.c.h; path = lfunc.h; sourceTree = "<group>"; };
		B56020E8203C1CD900107086 /* lprefix.h */ = {isa = PBXFileReference; fileEncoding = 4; lastKnownFileType = sourcecode.c.h; path = lprefix.h; sourceTree = "<group>"; };
		B56020E9203C1CD900107086 /* lparser.c */ = {isa = PBXFileReference; fileEncoding = 4; lastKnownFileType = sourcecode.c.c; path = lparser.c; sourceTree = "<group>"; };
		B56020EA203C1CD900107086 /* llex.c */ = {isa = PBXFileReference; fileEncoding = 4; lastKnownFileType = sourcecode.c.c; path = llex.c; sourceTree = "<group>"; };
		B56020EB203C1CD900107086 /* ltable.h */ = {isa = PBXFileReference; fileEncoding = 4; lastKnownFileType = sourcecode.c.h; path = ltable.h; sourceTree = "<group>"; };
		B56020EC203C1CD900107086 /* ltm.c */ = {isa = PBXFileReference; fileEncoding = 4; lastKnownFileType = sourcecode.c.c; path = ltm.c; sourceTree = "<group>"; };
		B56020ED203C1CD900107086 /* ltests.c */ = {isa = PBXFileReference; fileEncoding = 4; lastKnownFileType = sourcecode.c.c; path = ltests.c; sourceTree = "<group>"; };
		B56020EE203C1CD900107086 /* lctype.h */ = {isa = PBXFileReference; fileEncoding = 4; lastKnownFileType = sourcecode.c.h; path = lctype.h; sourceTree = "<group>"; };
		B56020EF203C1CD900107086 /* ldo.c */ = {isa = PBXFileReference; fileEncoding = 4; lastKnownFileType = sourcecode.c.c; path = ldo.c; sourceTree = "<group>"; };
		B56020F0203C1CD900107086 /* lundump.h */ = {isa = PBXFileReference; fileEncoding = 4; lastKnownFileType = sourcecode.c.h; path = lundump.h; sourceTree = "<group>"; };
		B56020F1203C1CD900107086 /* Timer.h */ = {isa = PBXFileReference; fileEncoding = 4; lastKnownFileType = sourcecode.c.h; path = Timer.h; sourceTree = "<group>"; };
		B5602108203C1CD900107086 /* image_helper.c */ = {isa = PBXFileReference; fileEncoding = 4; lastKnownFileType = sourcecode.c.c; path = image_helper.c; sourceTree = "<group>"; };
		B5602109203C1CD900107086 /* stb_image_aug.h */ = {isa = PBXFileReference; fileEncoding = 4; lastKnownFileType = sourcecode.c.h; path = stb_image_aug.h; sourceTree = "<group>"; };
		B560210A203C1CD900107086 /* SOIL.h */ = {isa = PBXFileReference; fileEncoding = 4; lastKnownFileType = sourcecode.c.h; path = SOIL.h; sourceTree = "<group>"; };
		B560210B203C1CD900107086 /* stbi_DDS_aug.h */ = {isa = PBXFileReference; fileEncoding = 4; lastKnownFileType = sourcecode.c.h; path = stbi_DDS_aug.h; sourceTree = "<group>"; };
		B560210C203C1CD900107086 /* image_DXT.c */ = {isa = PBXFileReference; fileEncoding = 4; lastKnownFileType = sourcecode.c.c; path = image_DXT.c; sourceTree = "<group>"; };
		B560210D203C1CD900107086 /* stbi_DDS_aug_c.h */ = {isa = PBXFileReference; fileEncoding = 4; lastKnownFileType = sourcecode.c.h; path = stbi_DDS_aug_c.h; sourceTree = "<group>"; };
		B560210E203C1CD900107086 /* SOIL.c */ = {isa = PBXFileReference; fileEncoding = 4; lastKnownFileType = sourcecode.c.c; path = SOIL.c; sourceTree = "<group>"; };
		B560210F203C1CD900107086 /* stb_image_aug.c */ = {isa = PBXFileReference; fileEncoding = 4; lastKnownFileType = sourcecode.c.c; path = stb_image_aug.c; sourceTree = "<group>"; };
		B5602110203C1CD900107086 /* image_helper.h */ = {isa = PBXFileReference; fileEncoding = 4; lastKnownFileType = sourcecode.c.h; path = image_helper.h; sourceTree = "<group>"; };
		B5602111203C1CD900107086 /* image_DXT.h */ = {isa = PBXFileReference; fileEncoding = 4; lastKnownFileType = sourcecode.c.h; path = image_DXT.h; sourceTree = "<group>"; };
		B5602113203C1CD900107086 /* DrawingClasses.h */ = {isa = PBXFileReference; fileEncoding = 4; lastKnownFileType = sourcecode.c.h; path = DrawingClasses.h; sourceTree = "<group>"; };
		B5602114203C1CD900107086 /* Rand.cpp */ = {isa = PBXFileReference; fileEncoding = 4; lastKnownFileType = sourcecode.cpp.cpp; path = Rand.cpp; sourceTree = "<group>"; };
		B5602116203C1CD900107086 /* Log.h */ = {isa = PBXFileReference; fileEncoding = 4; lastKnownFileType = sourcecode.c.h; path = Log.h; sourceTree = "<group>"; };
		B5602117203C1CD900107086 /* Positioner.h */ = {isa = PBXFileReference; fileEncoding = 4; lastKnownFileType = sourcecode.c.h; path = Positioner.h; sourceTree = "<group>"; };
		B5602118203C1CD900107086 /* Colour.cpp */ = {isa = PBXFileReference; fileEncoding = 4; lastKnownFileType = sourcecode.cpp.cpp; path = Colour.cpp; sourceTree = "<group>"; };
		B5602119203C1CD900107086 /* MacOSXClasses.m */ = {isa = PBXFileReference; explicitFileType = sourcecode.cpp.objcpp; fileEncoding = 4; path = MacOSXClasses.m; sourceTree = "<group>"; };
		B560211A203C1CD900107086 /* Returny.h */ = {isa = PBXFileReference; fileEncoding = 4; lastKnownFileType = sourcecode.c.h; path = Returny.h; sourceTree = "<group>"; };
		B560211B203C1CD900107086 /* Rand.h */ = {isa = PBXFileReference; fileEncoding = 4; lastKnownFileType = sourcecode.c.h; path = Rand.h; sourceTree = "<group>"; };
		B560211C203C1CD900107086 /* Texture.h */ = {isa = PBXFileReference; fileEncoding = 4; lastKnownFileType = sourcecode.c.h; path = Texture.h; sourceTree = "<group>"; };
		B560211D203C1CD900107086 /* TextureAtlas.h */ = {isa = PBXFileReference; fileEncoding = 4; lastKnownFileType = sourcecode.c.h; path = TextureAtlas.h; sourceTree = "<group>"; };
		B560211E203C1CD900107086 /* TextureAtlas.cpp */ = {isa = PBXFileReference; fileEncoding = 4; lastKnownFileType = sourcecode.cpp.cpp; path = TextureAtlas.cpp; sourceTree = "<group>"; };
		B560211F203C1CD900107086 /* GameState.cpp */ = {isa = PBXFileReference; fileEncoding = 4; lastKnownFileType = sourcecode.cpp.cpp; path = GameState.cpp; sourceTree = "<group>"; };
		B5602120203C1CD900107086 /* UIView.h */ = {isa = PBXFileReference; fileEncoding = 4; lastKnownFileType = sourcecode.c.h; path = UIView.h; sourceTree = "<group>"; };
		B5602121203C1CD900107086 /* Mutex.h */ = {isa = PBXFileReference; fileEncoding = 4; lastKnownFileType = sourcecode.c.h; path = Mutex.h; sourceTree = "<group>"; };
		B5602122203C1CD900107086 /* Event.cpp */ = {isa = PBXFileReference; explicitFileType = sourcecode.cpp.objcpp; fileEncoding = 4; path = Event.cpp; sourceTree = "<group>"; };
		B5602123203C1CD900107086 /* NavMap.h */ = {isa = PBXFileReference; fileEncoding = 4; lastKnownFileType = sourcecode.c.h; path = NavMap.h; sourceTree = "<group>"; };
		B5602124203C1CD900107086 /* helpers__fileSys.hpp */ = {isa = PBXFileReference; fileEncoding = 4; lastKnownFileType = sourcecode.cpp.h; path = helpers__fileSys.hpp; sourceTree = "<group>"; };
		B5602125203C1CD900107086 /* Positioner.cpp */ = {isa = PBXFileReference; fileEncoding = 4; lastKnownFileType = sourcecode.cpp.cpp; path = Positioner.cpp; sourceTree = "<group>"; };
		B5602126203C1CD900107086 /* DrawingClasses.cpp */ = {isa = PBXFileReference; fileEncoding = 4; lastKnownFileType = sourcecode.cpp.cpp; path = DrawingClasses.cpp; sourceTree = "<group>"; };
		B5602127203C1CD900107086 /* Callback.h */ = {isa = PBXFileReference; fileEncoding = 4; lastKnownFileType = sourcecode.c.h; path = Callback.h; sourceTree = "<group>"; };
		B5602128203C1CD900107086 /* oglInclude.h */ = {isa = PBXFileReference; fileEncoding = 4; lastKnownFileType = sourcecode.c.h; path = oglInclude.h; sourceTree = "<group>"; };
		B560212A203C1CD900107086 /* Messenger.h */ = {isa = PBXFileReference; fileEncoding = 4; lastKnownFileType = sourcecode.c.h; path = Messenger.h; sourceTree = "<group>"; };
		B58827451F40E44100C07AEB /* Generic Tycoon Thingy.app */ = {isa = PBXFileReference; explicitFileType = wrapper.application; includeInIndex = 0; path = "Generic Tycoon Thingy.app"; sourceTree = BUILT_PRODUCTS_DIR; };
		B58827481F40E44100C07AEB /* AppDelegate.h */ = {isa = PBXFileReference; lastKnownFileType = sourcecode.c.h; path = AppDelegate.h; sourceTree = "<group>"; };
		B58827491F40E44100C07AEB /* AppDelegate.m */ = {isa = PBXFileReference; explicitFileType = sourcecode.cpp.objcpp; path = AppDelegate.m; sourceTree = "<group>"; };
		B588274C1F40E44100C07AEB /* main.m */ = {isa = PBXFileReference; lastKnownFileType = sourcecode.c.objc; path = main.m; sourceTree = "<group>"; };
		B588274E1F40E44100C07AEB /* Assets.xcassets */ = {isa = PBXFileReference; lastKnownFileType = folder.assetcatalog; path = Assets.xcassets; sourceTree = "<group>"; };
		B58827511F40E44100C07AEB /* Base */ = {isa = PBXFileReference; lastKnownFileType = file.xib; name = Base; path = Base.lproj/MainMenu.xib; sourceTree = "<group>"; };
		B58827531F40E44100C07AEB /* Info.plist */ = {isa = PBXFileReference; lastKnownFileType = text.plist.xml; path = Info.plist; sourceTree = "<group>"; };
		B5C6AC862022404A00E750AE /* Data */ = {isa = PBXFileReference; lastKnownFileType = folder; name = Data; path = ../Data; sourceTree = "<group>"; };
		B5C6AC892022405E00E750AE /* State__TopMenu.cpp */ = {isa = PBXFileReference; fileEncoding = 4; lastKnownFileType = sourcecode.cpp.cpp; path = State__TopMenu.cpp; sourceTree = "<group>"; };
		B5C6AC8A2022405E00E750AE /* Controller.hpp */ = {isa = PBXFileReference; fileEncoding = 4; lastKnownFileType = sourcecode.cpp.h; path = Controller.hpp; sourceTree = "<group>"; };
		B5C6AC8B2022405E00E750AE /* LevelMap.hpp */ = {isa = PBXFileReference; fileEncoding = 4; lastKnownFileType = sourcecode.cpp.h; path = LevelMap.hpp; sourceTree = "<group>"; };
		B5C6AC8C2022405E00E750AE /* types.cpp */ = {isa = PBXFileReference; fileEncoding = 4; lastKnownFileType = sourcecode.cpp.cpp; path = types.cpp; sourceTree = "<group>"; };
		B5C6AC8D2022405E00E750AE /* Serializer.hpp */ = {isa = PBXFileReference; fileEncoding = 4; lastKnownFileType = sourcecode.cpp.h; path = Serializer.hpp; sourceTree = "<group>"; };
		B5C6AC8E2022405E00E750AE /* Placeable.hpp */ = {isa = PBXFileReference; fileEncoding = 4; lastKnownFileType = sourcecode.cpp.h; path = Placeable.hpp; sourceTree = "<group>"; };
		B5C6AC8F2022405E00E750AE /* Audio.cpp */ = {isa = PBXFileReference; fileEncoding = 4; lastKnownFileType = sourcecode.cpp.cpp; path = Audio.cpp; sourceTree = "<group>"; };
		B5C6AC902022405E00E750AE /* View__Game.cpp */ = {isa = PBXFileReference; fileEncoding = 4; lastKnownFileType = sourcecode.cpp.cpp; path = View__Game.cpp; sourceTree = "<group>"; };
		B5C6AC912022405E00E750AE /* Building.cpp */ = {isa = PBXFileReference; fileEncoding = 4; lastKnownFileType = sourcecode.cpp.cpp; path = Building.cpp; sourceTree = "<group>"; };
		B5C6AC922022405E00E750AE /* Furnishing.cpp */ = {isa = PBXFileReference; fileEncoding = 4; lastKnownFileType = sourcecode.cpp.cpp; path = Furnishing.cpp; sourceTree = "<group>"; };
		B5C6AC932022405E00E750AE /* State__Game.cpp */ = {isa = PBXFileReference; fileEncoding = 4; lastKnownFileType = sourcecode.cpp.cpp; path = State__Game.cpp; sourceTree = "<group>"; };
		B5C6AC942022405E00E750AE /* Serializable.hpp */ = {isa = PBXFileReference; fileEncoding = 4; lastKnownFileType = sourcecode.cpp.h; path = Serializable.hpp; sourceTree = "<group>"; };
		B5C6AC952022405E00E750AE /* MrPaths.hpp */ = {isa = PBXFileReference; fileEncoding = 4; lastKnownFileType = sourcecode.cpp.h; path = MrPaths.hpp; sourceTree = "<group>"; };
		B5C6AC962022405E00E750AE /* PlaceableManager.cpp */ = {isa = PBXFileReference; fileEncoding = 4; lastKnownFileType = sourcecode.cpp.cpp; path = PlaceableManager.cpp; sourceTree = "<group>"; };
		B5C6AC972022405E00E750AE /* Unit.hpp */ = {isa = PBXFileReference; fileEncoding = 4; lastKnownFileType = sourcecode.cpp.h; path = Unit.hpp; sourceTree = "<group>"; };
		B5C6AC982022405E00E750AE /* TLO.cpp */ = {isa = PBXFileReference; fileEncoding = 4; lastKnownFileType = sourcecode.cpp.cpp; path = TLO.cpp; sourceTree = "<group>"; };
		B5C6AC992022405E00E750AE /* UIDManager.cpp */ = {isa = PBXFileReference; fileEncoding = 4; lastKnownFileType = sourcecode.cpp.cpp; path = UIDManager.cpp; sourceTree = "<group>"; };
		B5C6AC9A2022405E00E750AE /* View__Game.hpp */ = {isa = PBXFileReference; fileEncoding = 4; lastKnownFileType = sourcecode.cpp.h; path = View__Game.hpp; sourceTree = "<group>"; };
		B5C6AC9B2022405E00E750AE /* Furnishing.hpp */ = {isa = PBXFileReference; fileEncoding = 4; lastKnownFileType = sourcecode.cpp.h; path = Furnishing.hpp; sourceTree = "<group>"; };
		B5C6AC9C2022405E00E750AE /* Building.hpp */ = {isa = PBXFileReference; fileEncoding = 4; lastKnownFileType = sourcecode.cpp.h; path = Building.hpp; sourceTree = "<group>"; };
		B5C6AC9D2022405E00E750AE /* State__Game.hpp */ = {isa = PBXFileReference; fileEncoding = 4; lastKnownFileType = sourcecode.cpp.h; path = State__Game.hpp; sourceTree = "<group>"; };
		B5C6AC9E2022405E00E750AE /* Serializable.cpp */ = {isa = PBXFileReference; fileEncoding = 4; lastKnownFileType = sourcecode.cpp.cpp; path = Serializable.cpp; sourceTree = "<group>"; };
		B5C6AC9F2022405E00E750AE /* MrPaths.cpp */ = {isa = PBXFileReference; explicitFileType = sourcecode.cpp.objcpp; fileEncoding = 4; path = MrPaths.cpp; sourceTree = "<group>"; };
		B5C6ACA02022405E00E750AE /* PlaceableManager.hpp */ = {isa = PBXFileReference; fileEncoding = 4; lastKnownFileType = sourcecode.cpp.h; path = PlaceableManager.hpp; sourceTree = "<group>"; };
		B5C6ACA12022405E00E750AE /* TLO.hpp */ = {isa = PBXFileReference; fileEncoding = 4; lastKnownFileType = sourcecode.cpp.h; path = TLO.hpp; sourceTree = "<group>"; };
		B5C6ACA22022405E00E750AE /* Unit.cpp */ = {isa = PBXFileReference; fileEncoding = 4; lastKnownFileType = sourcecode.cpp.cpp; path = Unit.cpp; sourceTree = "<group>"; };
		B5C6ACA32022405E00E750AE /* UIDManager.hpp */ = {isa = PBXFileReference; fileEncoding = 4; lastKnownFileType = sourcecode.cpp.h; path = UIDManager.hpp; sourceTree = "<group>"; };
		B5C6ACA42022405E00E750AE /* State__TopMenu.hpp */ = {isa = PBXFileReference; fileEncoding = 4; lastKnownFileType = sourcecode.cpp.h; path = State__TopMenu.hpp; sourceTree = "<group>"; };
		B5C6ACA52022405E00E750AE /* Controller.cpp */ = {isa = PBXFileReference; fileEncoding = 4; lastKnownFileType = sourcecode.cpp.cpp; path = Controller.cpp; sourceTree = "<group>"; };
		B5C6ACA62022405E00E750AE /* LevelMap.cpp */ = {isa = PBXFileReference; fileEncoding = 4; lastKnownFileType = sourcecode.cpp.cpp; path = LevelMap.cpp; sourceTree = "<group>"; };
		B5C6ACA72022405E00E750AE /* types.hpp */ = {isa = PBXFileReference; fileEncoding = 4; lastKnownFileType = sourcecode.cpp.h; path = types.hpp; sourceTree = "<group>"; };
		B5C6ACA82022405E00E750AE /* Serializer.cpp */ = {isa = PBXFileReference; fileEncoding = 4; lastKnownFileType = sourcecode.cpp.cpp; path = Serializer.cpp; sourceTree = "<group>"; };
		B5C6ACA92022405E00E750AE /* Audio.hpp */ = {isa = PBXFileReference; fileEncoding = 4; lastKnownFileType = sourcecode.cpp.h; path = Audio.hpp; sourceTree = "<group>"; };
		B5C6ACAA2022405E00E750AE /* Placeable.cpp */ = {isa = PBXFileReference; fileEncoding = 4; lastKnownFileType = sourcecode.cpp.cpp; path = Placeable.cpp; sourceTree = "<group>"; };
		B5C6ACBD2022408900E750AE /* ik_EStreamModes.h */ = {isa = PBXFileReference; fileEncoding = 4; lastKnownFileType = sourcecode.c.h; path = ik_EStreamModes.h; sourceTree = "<group>"; };
		B5C6ACBE2022408900E750AE /* ik_vec3d.h */ = {isa = PBXFileReference; fileEncoding = 4; lastKnownFileType = sourcecode.c.h; path = ik_vec3d.h; sourceTree = "<group>"; };
		B5C6ACBF2022408900E750AE /* ik_IVirtualRefCounted.h */ = {isa = PBXFileReference; fileEncoding = 4; lastKnownFileType = sourcecode.c.h; path = ik_IVirtualRefCounted.h; sourceTree = "<group>"; };
		B5C6ACC02022408900E750AE /* ik_ISoundMixedOutputReceiver.h */ = {isa = PBXFileReference; fileEncoding = 4; lastKnownFileType = sourcecode.c.h; path = ik_ISoundMixedOutputReceiver.h; sourceTree = "<group>"; };
		B5C6ACC22022408900E750AE /* ik_IFileReader.h */ = {isa = PBXFileReference; fileEncoding = 4; lastKnownFileType = sourcecode.c.h; path = ik_IFileReader.h; sourceTree = "<group>"; };
		B5C6ACC32022408900E750AE /* ik_IRefCounted.h */ = {isa = PBXFileReference; fileEncoding = 4; lastKnownFileType = sourcecode.c.h; path = ik_IRefCounted.h; sourceTree = "<group>"; };
		B5C6ACC42022408900E750AE /* ik_IAudioRecorder.h */ = {isa = PBXFileReference; fileEncoding = 4; lastKnownFileType = sourcecode.c.h; path = ik_IAudioRecorder.h; sourceTree = "<group>"; };
		B5C6ACC52022408900E750AE /* ik_IAudioStream.h */ = {isa = PBXFileReference; fileEncoding = 4; lastKnownFileType = sourcecode.c.h; path = ik_IAudioStream.h; sourceTree = "<group>"; };
		B5C6ACC62022408900E750AE /* ik_ISound.h */ = {isa = PBXFileReference; fileEncoding = 4; lastKnownFileType = sourcecode.c.h; path = ik_ISound.h; sourceTree = "<group>"; };
		B5C6ACC72022408900E750AE /* irrKlang.h */ = {isa = PBXFileReference; fileEncoding = 4; lastKnownFileType = sourcecode.c.h; path = irrKlang.h; sourceTree = "<group>"; };
		B5C6ACC82022408900E750AE /* ik_ISoundStopEventReceiver.h */ = {isa = PBXFileReference; fileEncoding = 4; lastKnownFileType = sourcecode.c.h; path = ik_ISoundStopEventReceiver.h; sourceTree = "<group>"; };
		B5C6ACC92022408900E750AE /* ik_ESoundOutputDrivers.h */ = {isa = PBXFileReference; fileEncoding = 4; lastKnownFileType = sourcecode.c.h; path = ik_ESoundOutputDrivers.h; sourceTree = "<group>"; };
		B5C6ACCA2022408900E750AE /* ik_ISoundSource.h */ = {isa = PBXFileReference; fileEncoding = 4; lastKnownFileType = sourcecode.c.h; path = ik_ISoundSource.h; sourceTree = "<group>"; };
		B5C6ACCB2022408900E750AE /* ik_IAudioStreamLoader.h */ = {isa = PBXFileReference; fileEncoding = 4; lastKnownFileType = sourcecode.c.h; path = ik_IAudioStreamLoader.h; sourceTree = "<group>"; };
		B5C6ACCC2022408900E750AE /* ik_ESoundEngineOptions.h */ = {isa = PBXFileReference; fileEncoding = 4; lastKnownFileType = sourcecode.c.h; path = ik_ESoundEngineOptions.h; sourceTree = "<group>"; };
		B5C6ACCD2022408900E750AE /* ik_irrKlangTypes.h */ = {isa = PBXFileReference; fileEncoding = 4; lastKnownFileType = sourcecode.c.h; path = ik_irrKlangTypes.h; sourceTree = "<group>"; };
		B5C6ACCE2022408900E750AE /* ik_ISoundEffectControl.h */ = {isa = PBXFileReference; fileEncoding = 4; lastKnownFileType = sourcecode.c.h; path = ik_ISoundEffectControl.h; sourceTree = "<group>"; };
		B5C6ACCF2022408900E750AE /* ik_ISoundDeviceList.h */ = {isa = PBXFileReference; fileEncoding = 4; lastKnownFileType = sourcecode.c.h; path = ik_ISoundDeviceList.h; sourceTree = "<group>"; };
		B5C6ACD02022408900E750AE /* ik_SAudioStreamFormat.h */ = {isa = PBXFileReference; fileEncoding = 4; lastKnownFileType = sourcecode.c.h; path = ik_SAudioStreamFormat.h; sourceTree = "<group>"; };
		B5C6ACD12022408900E750AE /* ik_IFileFactory.h */ = {isa = PBXFileReference; fileEncoding = 4; lastKnownFileType = sourcecode.c.h; path = ik_IFileFactory.h; sourceTree = "<group>"; };
		B5C6ACD22022408900E750AE /* ik_ISoundEngine.h */ = {isa = PBXFileReference; fileEncoding = 4; lastKnownFileType = sourcecode.c.h; path = ik_ISoundEngine.h; sourceTree = "<group>"; };
		B5C6AD9E202241A100E750AE /* libirrklang.dylib */ = {isa = PBXFileReference; lastKnownFileType = "compiled.mach-o.dylib"; name = libirrklang.dylib; path = "../irrKlang-64bit-1.5.0/bin/macosx-gcc/libirrklang.dylib"; sourceTree = "<group>"; };
		B5C6ADA2202241ED00E750AE /* libirrklang.dylib */ = {isa = PBXFileReference; lastKnownFileType = "compiled.mach-o.dylib"; name = libirrklang.dylib; path = ../irrKlang/libirrklang.dylib; sourceTree = "<group>"; };
/* End PBXFileReference section */

/* Begin PBXFrameworksBuildPhase section */
		B58827421F40E44100C07AEB /* Frameworks */ = {
			isa = PBXFrameworksBuildPhase;
			buildActionMask = 2147483647;
			files = (
				B5C6ADA3202241ED00E750AE /* libirrklang.dylib in Frameworks */,
			);
			runOnlyForDeploymentPostprocessing = 0;
		};
/* End PBXFrameworksBuildPhase section */

/* Begin PBXGroup section */
		B560207C203C1CD900107086 /* W */ = {
			isa = PBXGroup;
			children = (
				B5602097203C1CD900107086 /* _private */,
				B5602127203C1CD900107086 /* Callback.h */,
				B5602118203C1CD900107086 /* Colour.cpp */,
				B5602091203C1CD900107086 /* Colour.h */,
				B5602126203C1CD900107086 /* DrawingClasses.cpp */,
				B5602113203C1CD900107086 /* DrawingClasses.h */,
				B5602122203C1CD900107086 /* Event.cpp */,
				B560208A203C1CD900107086 /* Event.h */,
				B560211F203C1CD900107086 /* GameState.cpp */,
				B5602087203C1CD900107086 /* GameState.h */,
				B5602085203C1CD900107086 /* helpers__fileSys.cpp */,
				B5602124203C1CD900107086 /* helpers__fileSys.hpp */,
				B5602082203C1CD900107086 /* Log.cpp */,
				B5602116203C1CD900107086 /* Log.h */,
				B56020B1203C1CD900107086 /* lua */,
				B5602081203C1CD900107086 /* lua.hpp */,
				B56020AA203C1CD900107086 /* luaobj */,
				B5602088203C1CD900107086 /* MacOSXClasses.h */,
				B5602119203C1CD900107086 /* MacOSXClasses.m */,
				B560208C203C1CD900107086 /* Messenger.cpp */,
				B560212A203C1CD900107086 /* Messenger.h */,
				B5602090203C1CD900107086 /* MisterHeapy.h */,
				B560207F203C1CD900107086 /* Mutex.cpp */,
				B5602121203C1CD900107086 /* Mutex.h */,
				B560208E203C1CD900107086 /* NavMap.cpp */,
				B5602123203C1CD900107086 /* NavMap.h */,
				B5602128203C1CD900107086 /* oglInclude.h */,
				B5602125203C1CD900107086 /* Positioner.cpp */,
				B5602117203C1CD900107086 /* Positioner.h */,
				B5602114203C1CD900107086 /* Rand.cpp */,
				B560211B203C1CD900107086 /* Rand.h */,
				B5602086203C1CD900107086 /* Returny.cpp */,
				B560211A203C1CD900107086 /* Returny.h */,
				B56020F2203C1CD900107086 /* soil */,
				B5602092203C1CD900107086 /* Texture.cpp */,
				B560211C203C1CD900107086 /* Texture.h */,
				B560211E203C1CD900107086 /* TextureAtlas.cpp */,
				B560211D203C1CD900107086 /* TextureAtlas.h */,
				B560208F203C1CD900107086 /* Timer.cpp */,
				B56020F1203C1CD900107086 /* Timer.h */,
				B5602083203C1CD900107086 /* types.cpp */,
				B560208B203C1CD900107086 /* types.h */,
				B5602084203C1CD900107086 /* UIElement.cpp */,
				B560207E203C1CD900107086 /* UIElement.h */,
				B5602080203C1CD900107086 /* UIView.cpp */,
				B5602120203C1CD900107086 /* UIView.h */,
				B5602096203C1CD900107086 /* View.cpp */,
				B5602095203C1CD900107086 /* View.h */,
				B560207D203C1CD900107086 /* W.cpp */,
				B5602089203C1CD900107086 /* W.h */,
				B560208D203C1CD900107086 /* Window.cpp */,
				B5602093203C1CD900107086 /* Window.h */,
			);
			name = W;
			path = ../W;
			sourceTree = "<group>";
		};
		B5602097203C1CD900107086 /* _private */ = {
			isa = PBXGroup;
			children = (
				B5602099203C1CD900107086 /* DebugMacro.h */,
				B56020A3203C1CD900107086 /* Drawable.cpp */,
				B560209B203C1CD900107086 /* Drawable.h */,
				B560209D203C1CD900107086 /* GenericRetro.cpp */,
				B56020A0203C1CD900107086 /* GenericRetro.h */,
				B56020A5203C1CD900107086 /* mtrand.cpp */,
				B560209C203C1CD900107086 /* mtrand.h */,
				B5602098203C1CD900107086 /* StorageObj.cpp */,
				B56020A4203C1CD900107086 /* StorageObj.h */,
				B56020A1203C1CD900107086 /* TemplatedArrayThingy.h */,
				B560209A203C1CD900107086 /* UpdateTimer.cpp */,
				B56020A9203C1CD900107086 /* UpdateTimer.h */,
				B56020A7203C1CD900107086 /* W_internal.cpp */,
				B56020A2203C1CD900107086 /* W_internal.h */,
				B56020A6203C1CD900107086 /* WInt_Image.cpp */,
				B56020A8203C1CD900107086 /* WInt_Image.h */,
				B560209E203C1CD900107086 /* WInt_Texture.cpp */,
				B560209F203C1CD900107086 /* WInt_Texture.h */,
			);
			path = _private;
			sourceTree = "<group>";
		};
		B56020AA203C1CD900107086 /* luaobj */ = {
			isa = PBXGroup;
			children = (
				B56020AC203C1CD900107086 /* LuaObj.cpp */,
				B56020AF203C1CD900107086 /* LuaObj.h */,
			);
			path = luaobj;
			sourceTree = "<group>";
		};
		B56020B1203C1CD900107086 /* lua */ = {
			isa = PBXGroup;
			children = (
				B56020E3203C1CD900107086 /* lapi.c */,
				B56020C7203C1CD900107086 /* lapi.h */,
				B56020B2203C1CD900107086 /* lauxlib.c */,
				B56020DC203C1CD900107086 /* lauxlib.h */,
				B56020E4203C1CD900107086 /* lbaselib.c */,
				B56020E2203C1CD900107086 /* lbitlib.c */,
				B56020E0203C1CD900107086 /* lcode.c */,
				B56020C6203C1CD900107086 /* lcode.h */,
				B56020DE203C1CD900107086 /* lcorolib.c */,
				B56020CC203C1CD900107086 /* lctype.c */,
				B56020EE203C1CD900107086 /* lctype.h */,
				B56020D9203C1CD900107086 /* ldblib.c */,
				B56020E6203C1CD900107086 /* ldebug.c */,
				B56020C4203C1CD900107086 /* ldebug.h */,
				B56020EF203C1CD900107086 /* ldo.c */,
				B56020CA203C1CD900107086 /* ldo.h */,
				B56020D2203C1CD900107086 /* ldump.c */,
				B56020C0203C1CD900107086 /* lfunc.c */,
				B56020E7203C1CD900107086 /* lfunc.h */,
				B56020D7203C1CD900107086 /* lgc.c */,
				B56020B7203C1CD900107086 /* lgc.h */,
				B56020C5203C1CD900107086 /* linit.c */,
				B56020B8203C1CD900107086 /* liolib.c */,
				B56020EA203C1CD900107086 /* llex.c */,
				B56020CE203C1CD900107086 /* llex.h */,
				B56020B4203C1CD900107086 /* llimits.h */,
				B56020BD203C1CD900107086 /* lmathlib.c */,
				B56020DB203C1CD900107086 /* lmem.c */,
				B56020B3203C1CD900107086 /* lmem.h */,
				B56020BE203C1CD900107086 /* loadlib.c */,
				B56020BB203C1CD900107086 /* lobject.c */,
				B56020D3203C1CD900107086 /* lobject.h */,
				B56020B9203C1CD900107086 /* lopcodes.c */,
				B56020D5203C1CD900107086 /* lopcodes.h */,
				B56020D6203C1CD900107086 /* loslib.c */,
				B56020E9203C1CD900107086 /* lparser.c */,
				B56020D1203C1CD900107086 /* lparser.h */,
				B56020E8203C1CD900107086 /* lprefix.h */,
				B56020BA203C1CD900107086 /* lstate.c */,
				B56020D4203C1CD900107086 /* lstate.h */,
				B56020C8203C1CD900107086 /* lstring.c */,
				B56020DF203C1CD900107086 /* lstring.h */,
				B56020C1203C1CD900107086 /* lstrlib.c */,
				B56020D0203C1CD900107086 /* ltable.c */,
				B56020EB203C1CD900107086 /* ltable.h */,
				B56020E1203C1CD900107086 /* ltablib.c */,
				B56020ED203C1CD900107086 /* ltests.c */,
				B56020CD203C1CD900107086 /* ltests.h */,
				B56020EC203C1CD900107086 /* ltm.c */,
				B56020CF203C1CD900107086 /* ltm.h */,
				B56020E5203C1CD900107086 /* lua.h */,
				B56020B5203C1CD900107086 /* luaconf.h */,
				B56020BC203C1CD900107086 /* lualib.h */,
				B56020CB203C1CD900107086 /* lundump.c */,
				B56020F0203C1CD900107086 /* lundump.h */,
				B56020DA203C1CD900107086 /* lutf8lib.c */,
				B56020BF203C1CD900107086 /* lvm.c */,
				B56020DD203C1CD900107086 /* lvm.h */,
				B56020D8203C1CD900107086 /* lzio.c */,
				B56020B6203C1CD900107086 /* lzio.h */,
			);
			path = lua;
			sourceTree = "<group>";
		};
		B56020F2203C1CD900107086 /* soil */ = {
			isa = PBXGroup;
			children = (
				B5602107203C1CD900107086 /* src */,
			);
			path = soil;
			sourceTree = "<group>";
		};
		B5602107203C1CD900107086 /* src */ = {
			isa = PBXGroup;
			children = (
				B5602108203C1CD900107086 /* image_helper.c */,
				B5602109203C1CD900107086 /* stb_image_aug.h */,
				B560210A203C1CD900107086 /* SOIL.h */,
				B560210B203C1CD900107086 /* stbi_DDS_aug.h */,
				B560210C203C1CD900107086 /* image_DXT.c */,
				B560210D203C1CD900107086 /* stbi_DDS_aug_c.h */,
				B560210E203C1CD900107086 /* SOIL.c */,
				B560210F203C1CD900107086 /* stb_image_aug.c */,
				B5602110203C1CD900107086 /* image_helper.h */,
				B5602111203C1CD900107086 /* image_DXT.h */,
			);
			path = src;
			sourceTree = "<group>";
		};
		B588273C1F40E44000C07AEB = {
			isa = PBXGroup;
			children = (
				B58827471F40E44100C07AEB /* Generic Tycoon Thingy */,
				B5C6AC862022404A00E750AE /* Data */,
				B5C6AC882022405E00E750AE /* Classes */,
				B5882A8A1F42316300C07AEB /* Dylibs */,
				B58827461F40E44100C07AEB /* Products */,
				B5C6ACBC2022408900E750AE /* irrKlang */,
				B5C6AD9D202241A000E750AE /* Frameworks */,
				B560207C203C1CD900107086 /* W */,
			);
			sourceTree = "<group>";
		};
		B58827461F40E44100C07AEB /* Products */ = {
			isa = PBXGroup;
			children = (
				B58827451F40E44100C07AEB /* Generic Tycoon Thingy.app */,
			);
			name = Products;
			sourceTree = "<group>";
		};
		B58827471F40E44100C07AEB /* Generic Tycoon Thingy */ = {
			isa = PBXGroup;
			children = (
				B58827481F40E44100C07AEB /* AppDelegate.h */,
				B58827491F40E44100C07AEB /* AppDelegate.m */,
				B588274E1F40E44100C07AEB /* Assets.xcassets */,
				B58827501F40E44100C07AEB /* MainMenu.xib */,
				B58827531F40E44100C07AEB /* Info.plist */,
				B588274B1F40E44100C07AEB /* Supporting Files */,
			);
			path = "Generic Tycoon Thingy";
			sourceTree = "<group>";
		};
		B588274B1F40E44100C07AEB /* Supporting Files */ = {
			isa = PBXGroup;
			children = (
				B588274C1F40E44100C07AEB /* main.m */,
			);
			name = "Supporting Files";
			sourceTree = "<group>";
		};
		B5882A8A1F42316300C07AEB /* Dylibs */ = {
			isa = PBXGroup;
			children = (
				B5C6ADA2202241ED00E750AE /* libirrklang.dylib */,
			);
			name = Dylibs;
			sourceTree = "<group>";
		};
		B5C6AC882022405E00E750AE /* Classes */ = {
			isa = PBXGroup;
			children = (
				B5C6AC8F2022405E00E750AE /* Audio.cpp */,
				B5C6ACA92022405E00E750AE /* Audio.hpp */,
				B5C6AC912022405E00E750AE /* Building.cpp */,
				B5C6AC9C2022405E00E750AE /* Building.hpp */,
				B5C6ACA52022405E00E750AE /* Controller.cpp */,
				B5C6AC8A2022405E00E750AE /* Controller.hpp */,
				B5C6AC922022405E00E750AE /* Furnishing.cpp */,
				B5C6AC9B2022405E00E750AE /* Furnishing.hpp */,
				B5C6ACA62022405E00E750AE /* LevelMap.cpp */,
				B5C6AC8B2022405E00E750AE /* LevelMap.hpp */,
				B5C6AC932022405E00E750AE /* State__Game.cpp */,
				B5C6AC9D2022405E00E750AE /* State__Game.hpp */,
				B5C6AC892022405E00E750AE /* State__TopMenu.cpp */,
				B5C6ACA42022405E00E750AE /* State__TopMenu.hpp */,
				B531F2B12035B7BE005A41FD /* State__WinLose.cpp */,
				B531F2B02035B7BE005A41FD /* State__WinLose.hpp */,
				B5C6AC9F2022405E00E750AE /* MrPaths.cpp */,
				B5C6AC952022405E00E750AE /* MrPaths.hpp */,
				B5C6ACAA2022405E00E750AE /* Placeable.cpp */,
				B5C6AC8E2022405E00E750AE /* Placeable.hpp */,
				B5C6AC962022405E00E750AE /* PlaceableManager.cpp */,
				B5C6ACA02022405E00E750AE /* PlaceableManager.hpp */,
				B5C6AC9E2022405E00E750AE /* Serializable.cpp */,
				B5C6AC942022405E00E750AE /* Serializable.hpp */,
				B5C6ACA82022405E00E750AE /* Serializer.cpp */,
				B5C6AC8D2022405E00E750AE /* Serializer.hpp */,
				B5C6AC982022405E00E750AE /* TLO.cpp */,
				B5C6ACA12022405E00E750AE /* TLO.hpp */,
				B5C6AC8C2022405E00E750AE /* types.cpp */,
				B5C6ACA72022405E00E750AE /* types.hpp */,
				B5C6AC992022405E00E750AE /* UIDManager.cpp */,
				B5C6ACA32022405E00E750AE /* UIDManager.hpp */,
				B5C6ACA22022405E00E750AE /* Unit.cpp */,
				B5C6AC972022405E00E750AE /* Unit.hpp */,
				B5C6AC902022405E00E750AE /* View__Game.cpp */,
				B5C6AC9A2022405E00E750AE /* View__Game.hpp */,
				B53CD0492029C5DC00B76231 /* Views__UI.hpp */,
				B53CD04B2029C66100B76231 /* View__Help.hpp */,
				B531F2B42039DC6C005A41FD /* View__TopMenuBG.cpp */,
				B531F2B32039DC5D005A41FD /* View__TopMenuBG.hpp */,
				B531F2B62039FEA1005A41FD /* View__TwoBtns.hpp */,
			);
			name = Classes;
			path = ../Classes;
			sourceTree = "<group>";
		};
		B5C6ACBC2022408900E750AE /* irrKlang */ = {
			isa = PBXGroup;
			children = (
				B5C6ACBD2022408900E750AE /* ik_EStreamModes.h */,
				B5C6ACBE2022408900E750AE /* ik_vec3d.h */,
				B5C6ACBF2022408900E750AE /* ik_IVirtualRefCounted.h */,
				B5C6ACC02022408900E750AE /* ik_ISoundMixedOutputReceiver.h */,
				B5C6ACC22022408900E750AE /* ik_IFileReader.h */,
				B5C6ACC32022408900E750AE /* ik_IRefCounted.h */,
				B5C6ACC42022408900E750AE /* ik_IAudioRecorder.h */,
				B5C6ACC52022408900E750AE /* ik_IAudioStream.h */,
				B5C6ACC62022408900E750AE /* ik_ISound.h */,
				B5C6ACC72022408900E750AE /* irrKlang.h */,
				B5C6ACC82022408900E750AE /* ik_ISoundStopEventReceiver.h */,
				B5C6ACC92022408900E750AE /* ik_ESoundOutputDrivers.h */,
				B5C6ACCA2022408900E750AE /* ik_ISoundSource.h */,
				B5C6ACCB2022408900E750AE /* ik_IAudioStreamLoader.h */,
				B5C6ACCC2022408900E750AE /* ik_ESoundEngineOptions.h */,
				B5C6ACCD2022408900E750AE /* ik_irrKlangTypes.h */,
				B5C6ACCE2022408900E750AE /* ik_ISoundEffectControl.h */,
				B5C6ACCF2022408900E750AE /* ik_ISoundDeviceList.h */,
				B5C6ACD02022408900E750AE /* ik_SAudioStreamFormat.h */,
				B5C6ACD12022408900E750AE /* ik_IFileFactory.h */,
				B5C6ACD22022408900E750AE /* ik_ISoundEngine.h */,
			);
			name = irrKlang;
			path = ../irrKlang;
			sourceTree = "<group>";
		};
		B5C6AD9D202241A000E750AE /* Frameworks */ = {
			isa = PBXGroup;
			children = (
				B5C6AD9E202241A100E750AE /* libirrklang.dylib */,
			);
			name = Frameworks;
			sourceTree = "<group>";
		};
/* End PBXGroup section */

/* Begin PBXNativeTarget section */
		B58827441F40E44100C07AEB /* Generic Tycoon Thingy */ = {
			isa = PBXNativeTarget;
			buildConfigurationList = B58827561F40E44100C07AEB /* Build configuration list for PBXNativeTarget "Generic Tycoon Thingy" */;
			buildPhases = (
				B58827411F40E44100C07AEB /* Sources */,
				B58827421F40E44100C07AEB /* Frameworks */,
				B58827431F40E44100C07AEB /* Resources */,
				B5882A471F40F13800C07AEB /* CopyFiles */,
			);
			buildRules = (
			);
			dependencies = (
			);
			name = "Generic Tycoon Thingy";
			productName = "Generic Tycoon Thingy";
			productReference = B58827451F40E44100C07AEB /* Generic Tycoon Thingy.app */;
			productType = "com.apple.product-type.application";
		};
/* End PBXNativeTarget section */

/* Begin PBXProject section */
		B588273D1F40E44000C07AEB /* Project object */ = {
			isa = PBXProject;
			attributes = {
				LastUpgradeCheck = 0730;
				ORGANIZATIONNAME = Ocelot;
				TargetAttributes = {
					B58827441F40E44100C07AEB = {
						CreatedOnToolsVersion = 7.3;
					};
				};
			};
			buildConfigurationList = B58827401F40E44000C07AEB /* Build configuration list for PBXProject "Generic Tycoon Thingy" */;
			compatibilityVersion = "Xcode 3.2";
			developmentRegion = English;
			hasScannedForEncodings = 0;
			knownRegions = (
				en,
				Base,
			);
			mainGroup = B588273C1F40E44000C07AEB;
			productRefGroup = B58827461F40E44100C07AEB /* Products */;
			projectDirPath = "";
			projectRoot = "";
			targets = (
				B58827441F40E44100C07AEB /* Generic Tycoon Thingy */,
			);
		};
/* End PBXProject section */

/* Begin PBXResourcesBuildPhase section */
		B58827431F40E44100C07AEB /* Resources */ = {
			isa = PBXResourcesBuildPhase;
			buildActionMask = 2147483647;
			files = (
				B588274F1F40E44100C07AEB /* Assets.xcassets in Resources */,
				B58827521F40E44100C07AEB /* MainMenu.xib in Resources */,
				B5C6AC872022404A00E750AE /* Data in Resources */,
			);
			runOnlyForDeploymentPostprocessing = 0;
		};
/* End PBXResourcesBuildPhase section */

/* Begin PBXSourcesBuildPhase section */
		B58827411F40E44100C07AEB /* Sources */ = {
			isa = PBXSourcesBuildPhase;
			buildActionMask = 2147483647;
			files = (
				B560215B203C1CD900107086 /* lgc.c in Sources */,
				B5602147203C1CD900107086 /* lauxlib.c in Sources */,
				B5602168203C1CD900107086 /* llex.c in Sources */,
				B560215D203C1CD900107086 /* ldblib.c in Sources */,
				B5602166203C1CD900107086 /* ldebug.c in Sources */,
				B5602139203C1CD900107086 /* View.cpp in Sources */,
				B5C6ACAE2022405E00E750AE /* View__Game.cpp in Sources */,
				B5602133203C1CD900107086 /* Messenger.cpp in Sources */,
				B560215A203C1CD900107086 /* loslib.c in Sources */,
				B560214A203C1CD900107086 /* lstate.c in Sources */,
				B5602184203C1CD900107086 /* GameState.cpp in Sources */,
				B5602156203C1CD900107086 /* lundump.c in Sources */,
				B5602185203C1CD900107086 /* Event.cpp in Sources */,
				B5C6ACB52022405E00E750AE /* Serializable.cpp in Sources */,
				B560213B203C1CD900107086 /* UpdateTimer.cpp in Sources */,
				B5C6ACB62022405E00E750AE /* MrPaths.cpp in Sources */,
				B5602158203C1CD900107086 /* ltable.c in Sources */,
				B5C6ACB12022405E00E750AE /* State__Game.cpp in Sources */,
				B560212D203C1CD900107086 /* UIView.cpp in Sources */,
				B5C6ACB32022405E00E750AE /* TLO.cpp in Sources */,
				B5602169203C1CD900107086 /* ltm.c in Sources */,
				B5602141203C1CD900107086 /* W_internal.cpp in Sources */,
				B5602183203C1CD900107086 /* TextureAtlas.cpp in Sources */,
				B5602167203C1CD900107086 /* lparser.c in Sources */,
				B5602154203C1CD900107086 /* lstring.c in Sources */,
				B560217C203C1CD900107086 /* SOIL.c in Sources */,
				B5602137203C1CD900107086 /* Texture.cpp in Sources */,
				B560215F203C1CD900107086 /* lmem.c in Sources */,
				B531F2B52039DC6C005A41FD /* View__TopMenuBG.cpp in Sources */,
				B5C6ACAD2022405E00E750AE /* Audio.cpp in Sources */,
				B5C6ACB82022405E00E750AE /* Controller.cpp in Sources */,
				B5602163203C1CD900107086 /* lbitlib.c in Sources */,
				B560217F203C1CD900107086 /* Rand.cpp in Sources */,
				B5602165203C1CD900107086 /* lbaselib.c in Sources */,
				B5602164203C1CD900107086 /* lapi.c in Sources */,
				B5C6ACAF2022405E00E750AE /* Building.cpp in Sources */,
				B5C6ACB92022405E00E750AE /* LevelMap.cpp in Sources */,
				B560217B203C1CD900107086 /* image_DXT.c in Sources */,
				B560213A203C1CD900107086 /* StorageObj.cpp in Sources */,
				B560212E203C1CD900107086 /* Log.cpp in Sources */,
				B5602130203C1CD900107086 /* UIElement.cpp in Sources */,
				B560215E203C1CD900107086 /* lutf8lib.c in Sources */,
				B560215C203C1CD900107086 /* lzio.c in Sources */,
				B5602150203C1CD900107086 /* lstrlib.c in Sources */,
				B560214B203C1CD900107086 /* lobject.c in Sources */,
				B560213D203C1CD900107086 /* WInt_Texture.cpp in Sources */,
				B5C6ACBA2022405E00E750AE /* Serializer.cpp in Sources */,
				B560212B203C1CD900107086 /* W.cpp in Sources */,
				B5602140203C1CD900107086 /* WInt_Image.cpp in Sources */,
				B560217A203C1CD900107086 /* image_helper.c in Sources */,
				B531F2B22035B7BE005A41FD /* State__WinLose.cpp in Sources */,
				B5602162203C1CD900107086 /* ltablib.c in Sources */,
				B560213E203C1CD900107086 /* Drawable.cpp in Sources */,
				B5C6ACAB2022405E00E750AE /* State__TopMenu.cpp in Sources */,
				B5602186203C1CD900107086 /* Positioner.cpp in Sources */,
				B5602131203C1CD900107086 /* helpers__fileSys.cpp in Sources */,
				B5C6ACBB2022405E00E750AE /* Placeable.cpp in Sources */,
				B5602187203C1CD900107086 /* DrawingClasses.cpp in Sources */,
				B5C6ACAC2022405E00E750AE /* types.cpp in Sources */,
				B5602134203C1CD900107086 /* Window.cpp in Sources */,
				B560213F203C1CD900107086 /* mtrand.cpp in Sources */,
				B5602153203C1CD900107086 /* linit.c in Sources */,
				B5602143203C1CD900107086 /* LuaObj.cpp in Sources */,
				B5C6ACB22022405E00E750AE /* PlaceableManager.cpp in Sources */,
				B560216B203C1CD900107086 /* ldo.c in Sources */,
				B560213C203C1CD900107086 /* GenericRetro.cpp in Sources */,
				B5602148203C1CD900107086 /* liolib.c in Sources */,
				B560214E203C1CD900107086 /* lvm.c in Sources */,
				B560214F203C1CD900107086 /* lfunc.c in Sources */,
				B5C6ACB02022405E00E750AE /* Furnishing.cpp in Sources */,
				B560214D203C1CD900107086 /* loadlib.c in Sources */,
				B560216A203C1CD900107086 /* ltests.c in Sources */,
				B5602160203C1CD900107086 /* lcorolib.c in Sources */,
				B5602181203C1CD900107086 /* Colour.cpp in Sources */,
				B560214C203C1CD900107086 /* lmathlib.c in Sources */,
				B588274D1F40E44100C07AEB /* main.m in Sources */,
				B5C6ACB72022405E00E750AE /* Unit.cpp in Sources */,
				B588274A1F40E44100C07AEB /* AppDelegate.m in Sources */,
				B5602136203C1CD900107086 /* Timer.cpp in Sources */,
				B5602182203C1CD900107086 /* MacOSXClasses.m in Sources */,
				B5602161203C1CD900107086 /* lcode.c in Sources */,
				B560212F203C1CD900107086 /* types.cpp in Sources */,
				B5C6ACB42022405E00E750AE /* UIDManager.cpp in Sources */,
				B5602159203C1CD900107086 /* ldump.c in Sources */,
				B560217D203C1CD900107086 /* stb_image_aug.c in Sources */,
				B560212C203C1CD900107086 /* Mutex.cpp in Sources */,
				B5602157203C1CD900107086 /* lctype.c in Sources */,
				B5602135203C1CD900107086 /* NavMap.cpp in Sources */,
				B5602149203C1CD900107086 /* lopcodes.c in Sources */,
				B5602132203C1CD900107086 /* Returny.cpp in Sources */,
			);
			runOnlyForDeploymentPostprocessing = 0;
		};
/* End PBXSourcesBuildPhase section */

/* Begin PBXVariantGroup section */
		B58827501F40E44100C07AEB /* MainMenu.xib */ = {
			isa = PBXVariantGroup;
			children = (
				B58827511F40E44100C07AEB /* Base */,
			);
			name = MainMenu.xib;
			sourceTree = "<group>";
		};
/* End PBXVariantGroup section */

/* Begin XCBuildConfiguration section */
		B58827541F40E44100C07AEB /* Debug */ = {
			isa = XCBuildConfiguration;
			buildSettings = {
				ALWAYS_SEARCH_USER_PATHS = NO;
				CLANG_ANALYZER_NONNULL = YES;
				CLANG_CXX_LANGUAGE_STANDARD = "gnu++0x";
				CLANG_CXX_LIBRARY = "libc++";
				CLANG_ENABLE_MODULES = YES;
				CLANG_ENABLE_OBJC_ARC = YES;
				CLANG_WARN_BOOL_CONVERSION = YES;
				CLANG_WARN_CONSTANT_CONVERSION = YES;
				CLANG_WARN_DIRECT_OBJC_ISA_USAGE = YES_ERROR;
				CLANG_WARN_EMPTY_BODY = YES;
				CLANG_WARN_ENUM_CONVERSION = YES;
				CLANG_WARN_INT_CONVERSION = YES;
				CLANG_WARN_OBJC_ROOT_CLASS = YES_ERROR;
				CLANG_WARN_UNREACHABLE_CODE = YES;
				CLANG_WARN__DUPLICATE_METHOD_MATCH = YES;
				CODE_SIGN_IDENTITY = "-";
				COPY_PHASE_STRIP = NO;
				DEBUG_INFORMATION_FORMAT = dwarf;
				ENABLE_STRICT_OBJC_MSGSEND = YES;
				ENABLE_TESTABILITY = YES;
				GCC_C_LANGUAGE_STANDARD = gnu99;
				GCC_DYNAMIC_NO_PIC = NO;
				GCC_NO_COMMON_BLOCKS = YES;
				GCC_OPTIMIZATION_LEVEL = 0;
				GCC_PREPROCESSOR_DEFINITIONS = (
					"DEBUG=1",
					"$(inherited)",
				);
				GCC_WARN_64_TO_32_BIT_CONVERSION = YES;
				GCC_WARN_ABOUT_RETURN_TYPE = YES_ERROR;
				GCC_WARN_UNDECLARED_SELECTOR = YES;
				GCC_WARN_UNINITIALIZED_AUTOS = YES_AGGRESSIVE;
				GCC_WARN_UNUSED_FUNCTION = YES;
				GCC_WARN_UNUSED_VARIABLE = YES;
				MACOSX_DEPLOYMENT_TARGET = 10.12;
				MTL_ENABLE_DEBUG_INFO = YES;
				ONLY_ACTIVE_ARCH = YES;
				SDKROOT = macosx;
			};
			name = Debug;
		};
		B58827551F40E44100C07AEB /* Release */ = {
			isa = XCBuildConfiguration;
			buildSettings = {
				ALWAYS_SEARCH_USER_PATHS = NO;
				CLANG_ANALYZER_NONNULL = YES;
				CLANG_CXX_LANGUAGE_STANDARD = "gnu++0x";
				CLANG_CXX_LIBRARY = "libc++";
				CLANG_ENABLE_MODULES = YES;
				CLANG_ENABLE_OBJC_ARC = YES;
				CLANG_WARN_BOOL_CONVERSION = YES;
				CLANG_WARN_CONSTANT_CONVERSION = YES;
				CLANG_WARN_DIRECT_OBJC_ISA_USAGE = YES_ERROR;
				CLANG_WARN_EMPTY_BODY = YES;
				CLANG_WARN_ENUM_CONVERSION = YES;
				CLANG_WARN_INT_CONVERSION = YES;
				CLANG_WARN_OBJC_ROOT_CLASS = YES_ERROR;
				CLANG_WARN_UNREACHABLE_CODE = YES;
				CLANG_WARN__DUPLICATE_METHOD_MATCH = YES;
				CODE_SIGN_IDENTITY = "-";
				COPY_PHASE_STRIP = NO;
				DEBUG_INFORMATION_FORMAT = "dwarf-with-dsym";
				ENABLE_NS_ASSERTIONS = NO;
				ENABLE_STRICT_OBJC_MSGSEND = YES;
				GCC_C_LANGUAGE_STANDARD = gnu99;
				GCC_NO_COMMON_BLOCKS = YES;
				GCC_WARN_64_TO_32_BIT_CONVERSION = YES;
				GCC_WARN_ABOUT_RETURN_TYPE = YES_ERROR;
				GCC_WARN_UNDECLARED_SELECTOR = YES;
				GCC_WARN_UNINITIALIZED_AUTOS = YES_AGGRESSIVE;
				GCC_WARN_UNUSED_FUNCTION = YES;
				GCC_WARN_UNUSED_VARIABLE = YES;
				MACOSX_DEPLOYMENT_TARGET = 10.12;
				MTL_ENABLE_DEBUG_INFO = NO;
				SDKROOT = macosx;
			};
			name = Release;
		};
		B58827571F40E44100C07AEB /* Debug */ = {
			isa = XCBuildConfiguration;
			buildSettings = {
				ASSETCATALOG_COMPILER_APPICON_NAME = AppIcon;
				COMBINE_HIDPI_IMAGES = YES;
				FRAMEWORK_SEARCH_PATHS = "";
				INFOPLIST_FILE = "Generic Tycoon Thingy/Info.plist";
				LD_DYLIB_INSTALL_NAME = "";
				LD_RUNPATH_SEARCH_PATHS = "$(inherited) @executable_path/../Frameworks";
				LIBRARY_SEARCH_PATHS = "\"$(SRCROOT)/../irrKlang\"";
				PRODUCT_BUNDLE_IDENTIFIER = "com.ben.Generic-Tycoon-Thingy";
				PRODUCT_NAME = "$(TARGET_NAME)";
				REEXPORTED_LIBRARY_NAMES = "";
			};
			name = Debug;
		};
		B58827581F40E44100C07AEB /* Release */ = {
			isa = XCBuildConfiguration;
			buildSettings = {
				ASSETCATALOG_COMPILER_APPICON_NAME = AppIcon;
				COMBINE_HIDPI_IMAGES = YES;
				FRAMEWORK_SEARCH_PATHS = "";
				INFOPLIST_FILE = "Generic Tycoon Thingy/Info.plist";
				LD_RUNPATH_SEARCH_PATHS = "$(inherited) @executable_path/../Frameworks";
				LIBRARY_SEARCH_PATHS = "\"$(SRCROOT)/../irrKlang\"";
				PRODUCT_BUNDLE_IDENTIFIER = "com.ben.Generic-Tycoon-Thingy";
				PRODUCT_NAME = "$(TARGET_NAME)";
				REEXPORTED_LIBRARY_NAMES = "";
			};
			name = Release;
		};
/* End XCBuildConfiguration section */

/* Begin XCConfigurationList section */
		B58827401F40E44000C07AEB /* Build configuration list for PBXProject "Generic Tycoon Thingy" */ = {
			isa = XCConfigurationList;
			buildConfigurations = (
				B58827541F40E44100C07AEB /* Debug */,
				B58827551F40E44100C07AEB /* Release */,
			);
			defaultConfigurationIsVisible = 0;
			defaultConfigurationName = Release;
		};
		B58827561F40E44100C07AEB /* Build configuration list for PBXNativeTarget "Generic Tycoon Thingy" */ = {
			isa = XCConfigurationList;
			buildConfigurations = (
				B58827571F40E44100C07AEB /* Debug */,
				B58827581F40E44100C07AEB /* Release */,
			);
			defaultConfigurationIsVisible = 0;
			defaultConfigurationName = Release;
		};
/* End XCConfigurationList section */
	};
	rootObject = B588273D1F40E44000C07AEB /* Project object */;
}
